// !$*UTF8*$!
{
	archiveVersion = 1;
	classes = {
	};
	objectVersion = 52;
	objects = {

/* Begin PBXBuildFile section */
		5536083826E1309A00761CFF /* RequestUserVinylViewModel.swift in Sources */ = {isa = PBXBuildFile; fileRef = 5536083726E1309A00761CFF /* RequestUserVinylViewModel.swift */; };
		553AE2B2279ED0FC00A2655B /* NetworkManagerTests.swift in Sources */ = {isa = PBXBuildFile; fileRef = 553AE2B1279ED0FC00A2655B /* NetworkManagerTests.swift */; };
		5541DD3A268838FB00970794 /* AppDelegate.swift in Sources */ = {isa = PBXBuildFile; fileRef = 5541DD39268838FB00970794 /* AppDelegate.swift */; };
		5541DD3C268838FB00970794 /* SceneDelegate.swift in Sources */ = {isa = PBXBuildFile; fileRef = 5541DD3B268838FB00970794 /* SceneDelegate.swift */; };
		5541DD432688390800970794 /* Assets.xcassets in Resources */ = {isa = PBXBuildFile; fileRef = 5541DD422688390800970794 /* Assets.xcassets */; };
		5541DD462688390800970794 /* LaunchScreen.storyboard in Resources */ = {isa = PBXBuildFile; fileRef = 5541DD442688390800970794 /* LaunchScreen.storyboard */; };
		5541DD5026883A6800970794 /* LogInViewStoryBoard.storyboard in Resources */ = {isa = PBXBuildFile; fileRef = 5541DD4F26883A6800970794 /* LogInViewStoryBoard.storyboard */; };
		5541DD5326883AF500970794 /* LogInViewController.swift in Sources */ = {isa = PBXBuildFile; fileRef = 5541DD5226883AF500970794 /* LogInViewController.swift */; };
		5541DD5B269AD35F00970794 /* SignUp.storyboard in Resources */ = {isa = PBXBuildFile; fileRef = 5541DD5A269AD35F00970794 /* SignUp.storyboard */; };
		5541DD5E269AD36800970794 /* SignUpViewController.swift in Sources */ = {isa = PBXBuildFile; fileRef = 5541DD5D269AD36800970794 /* SignUpViewController.swift */; };
		5541DD62269AD4E800970794 /* HomeViewController.swift in Sources */ = {isa = PBXBuildFile; fileRef = 5541DD61269AD4E800970794 /* HomeViewController.swift */; };
		5541DD66269AD4F000970794 /* HomeStoryboard.storyboard in Resources */ = {isa = PBXBuildFile; fileRef = 5541DD65269AD4F000970794 /* HomeStoryboard.storyboard */; };
		5541DD6A26AD5C9100970794 /* Search.storyboard in Resources */ = {isa = PBXBuildFile; fileRef = 5541DD6926AD5C9100970794 /* Search.storyboard */; };
		5541DD6D26AD5CDA00970794 /* SearchViewController.swift in Sources */ = {isa = PBXBuildFile; fileRef = 5541DD6C26AD5CDA00970794 /* SearchViewController.swift */; };
		5541DD7126AE955100970794 /* VinylBoxViewController.swift in Sources */ = {isa = PBXBuildFile; fileRef = 5541DD7026AE955100970794 /* VinylBoxViewController.swift */; };
		5541DD7526AE955B00970794 /* VinylBox.storyboard in Resources */ = {isa = PBXBuildFile; fileRef = 5541DD7426AE955B00970794 /* VinylBox.storyboard */; };
		5541DD7826AF0DFF00970794 /* SignUpModel.swift in Sources */ = {isa = PBXBuildFile; fileRef = 5541DD7726AF0DFF00970794 /* SignUpModel.swift */; };
		5541DD7C26AF113700970794 /* TextFieldPadding.swift in Sources */ = {isa = PBXBuildFile; fileRef = 5541DD7B26AF113700970794 /* TextFieldPadding.swift */; };
		5544D57626B13E4E003659C6 /* SignUpViewModel.swift in Sources */ = {isa = PBXBuildFile; fileRef = 5544D57526B13E4E003659C6 /* SignUpViewModel.swift */; };
		5544D57A26B14538003659C6 /* DIContainer.swift in Sources */ = {isa = PBXBuildFile; fileRef = 5544D57926B14538003659C6 /* DIContainer.swift */; };
		5544D58826B14B49003659C6 /* VinylaBoxLevelDesignTests.swift in Sources */ = {isa = PBXBuildFile; fileRef = 5544D58726B14B49003659C6 /* VinylaBoxLevelDesignTests.swift */; };
		5544D5A026B1BFEF003659C6 /* SearchTableViewCell.swift in Sources */ = {isa = PBXBuildFile; fileRef = 5544D59E26B1BFEF003659C6 /* SearchTableViewCell.swift */; };
		5544D5A126B1BFEF003659C6 /* SearchTableViewCell.xib in Resources */ = {isa = PBXBuildFile; fileRef = 5544D59F26B1BFEF003659C6 /* SearchTableViewCell.xib */; };
		5544D5A926B3038E003659C6 /* VinylBoxCollectionViewCell.swift in Sources */ = {isa = PBXBuildFile; fileRef = 5544D5A726B3038E003659C6 /* VinylBoxCollectionViewCell.swift */; };
		5544D5AA26B3038E003659C6 /* VinylBoxCollectionViewCell.xib in Resources */ = {isa = PBXBuildFile; fileRef = 5544D5A826B3038E003659C6 /* VinylBoxCollectionViewCell.xib */; };
		5544D5B026B30ED0003659C6 /* AddReview.storyboard in Resources */ = {isa = PBXBuildFile; fileRef = 5544D5AF26B30ED0003659C6 /* AddReview.storyboard */; };
		5544D5B626B30EE7003659C6 /* AddReviewViewController.swift in Sources */ = {isa = PBXBuildFile; fileRef = 5544D5B526B30EE7003659C6 /* AddReviewViewController.swift */; };
		5544D5C526B52D07003659C6 /* AppCoordinator.swift in Sources */ = {isa = PBXBuildFile; fileRef = 5544D5C426B52D07003659C6 /* AppCoordinator.swift */; };
		5544D5FC26BBDE13003659C6 /* LogInViewModel.swift in Sources */ = {isa = PBXBuildFile; fileRef = 5544D5FB26BBDE13003659C6 /* LogInViewModel.swift */; };
		5544D60226BBDFA9003659C6 /* HomeViewModel.swift in Sources */ = {isa = PBXBuildFile; fileRef = 5544D60126BBDFA9003659C6 /* HomeViewModel.swift */; };
		5544D60626BBE855003659C6 /* SearchViewModel.swift in Sources */ = {isa = PBXBuildFile; fileRef = 5544D60526BBE855003659C6 /* SearchViewModel.swift */; };
		5544D60C26BBF227003659C6 /* AddReviewViewModel.swift in Sources */ = {isa = PBXBuildFile; fileRef = 5544D60B26BBF227003659C6 /* AddReviewViewModel.swift */; };
		5544D61226BC07DA003659C6 /* VinylBoxViewModel.swift in Sources */ = {isa = PBXBuildFile; fileRef = 5544D61126BC07DA003659C6 /* VinylBoxViewModel.swift */; };
		5544D62526BD1841003659C6 /* AddInformationViewController.swift in Sources */ = {isa = PBXBuildFile; fileRef = 5544D62426BD1841003659C6 /* AddInformationViewController.swift */; };
		5544D62B26BD184B003659C6 /* AddInformation.storyboard in Resources */ = {isa = PBXBuildFile; fileRef = 5544D62A26BD184B003659C6 /* AddInformation.storyboard */; };
		5544D62F26BD187C003659C6 /* AddInformationViewModel.swift in Sources */ = {isa = PBXBuildFile; fileRef = 5544D62E26BD187C003659C6 /* AddInformationViewModel.swift */; };
		5544D63426BD43C4003659C6 /* CoreDataManager.swift in Sources */ = {isa = PBXBuildFile; fileRef = 5544D63326BD43C4003659C6 /* CoreDataManager.swift */; };
		5544D63926BD4517003659C6 /* MainFavoriteModel.xcdatamodeld in Sources */ = {isa = PBXBuildFile; fileRef = 5544D63726BD4517003659C6 /* MainFavoriteModel.xcdatamodeld */; };
		5544D64526BEA8A0003659C6 /* VinylBoxModel.swift in Sources */ = {isa = PBXBuildFile; fileRef = 5544D64426BEA8A0003659C6 /* VinylBoxModel.swift */; };
		5544D64926BEBB9F003659C6 /* DownScaleImage.swift in Sources */ = {isa = PBXBuildFile; fileRef = 5544D64826BEBB9F003659C6 /* DownScaleImage.swift */; };
		5544D64D26C0347D003659C6 /* BlurCircleView.xib in Resources */ = {isa = PBXBuildFile; fileRef = 5544D64C26C0347D003659C6 /* BlurCircleView.xib */; };
		5544D65126C037C2003659C6 /* BlurCircleView.swift in Sources */ = {isa = PBXBuildFile; fileRef = 5544D65026C037C2003659C6 /* BlurCircleView.swift */; };
		5555A00A26CAB7A900477DBE /* AddInformationModel.swift in Sources */ = {isa = PBXBuildFile; fileRef = 5555A00926CAB7A900477DBE /* AddInformationModel.swift */; };
		5555A01726CCE64100477DBE /* DeleteInformationViewModel.swift in Sources */ = {isa = PBXBuildFile; fileRef = 5555A01626CCE64100477DBE /* DeleteInformationViewModel.swift */; };
		55592C0B26C2876900F85A9A /* PagingCollectionViewCell.swift in Sources */ = {isa = PBXBuildFile; fileRef = 55592C0926C2876900F85A9A /* PagingCollectionViewCell.swift */; };
		55592C0C26C2876900F85A9A /* PagingCollectionViewCell.xib in Resources */ = {isa = PBXBuildFile; fileRef = 55592C0A26C2876900F85A9A /* PagingCollectionViewCell.xib */; };
		55592C1726C409B700F85A9A /* RecentVinylCollectionViewCell.swift in Sources */ = {isa = PBXBuildFile; fileRef = 55592C1526C409B700F85A9A /* RecentVinylCollectionViewCell.swift */; };
		55592C1826C409B700F85A9A /* RecentVinylCollectionViewCell.xib in Resources */ = {isa = PBXBuildFile; fileRef = 55592C1626C409B700F85A9A /* RecentVinylCollectionViewCell.xib */; };
		55592C2126C4BC0B00F85A9A /* AlbumSongListTableViewCell.swift in Sources */ = {isa = PBXBuildFile; fileRef = 55592C1F26C4BC0B00F85A9A /* AlbumSongListTableViewCell.swift */; };
		55592C2226C4BC0B00F85A9A /* AlbumSongListTableViewCell.xib in Resources */ = {isa = PBXBuildFile; fileRef = 55592C2026C4BC0B00F85A9A /* AlbumSongListTableViewCell.xib */; };
		55592C5126C8D34300F85A9A /* DeleteInformationViewController.swift in Sources */ = {isa = PBXBuildFile; fileRef = 55592C5026C8D34300F85A9A /* DeleteInformationViewController.swift */; };
		55592C5526C8D34D00F85A9A /* DeleteInformation.storyboard in Resources */ = {isa = PBXBuildFile; fileRef = 55592C5426C8D34D00F85A9A /* DeleteInformation.storyboard */; };
		555995872797BF31002FA8AC /* SignUpTests.swift in Sources */ = {isa = PBXBuildFile; fileRef = 555995862797BF31002FA8AC /* SignUpTests.swift */; };
		5561CD3E2791A7CB0087DED6 /* NickNameCheckModel.swift in Sources */ = {isa = PBXBuildFile; fileRef = 5561CD3D2791A7CB0087DED6 /* NickNameCheckModel.swift */; };
		558383C626D8AC0C0019977A /* APITarget.swift in Sources */ = {isa = PBXBuildFile; fileRef = 558383C526D8AC0C0019977A /* APITarget.swift */; };
		558383CC26D8B0A00019977A /* APIService.swift in Sources */ = {isa = PBXBuildFile; fileRef = 558383CB26D8B0A00019977A /* APIService.swift */; };
		558383D026D8B1C60019977A /* SearchModel.swift in Sources */ = {isa = PBXBuildFile; fileRef = 558383CF26D8B1C60019977A /* SearchModel.swift */; };
		558383DE26D92E490019977A /* MovieModel.swift in Sources */ = {isa = PBXBuildFile; fileRef = 558383DD26D92E490019977A /* MovieModel.swift */; };
		558383EB26DB9B9D0019977A /* LevelDesignViewController.swift in Sources */ = {isa = PBXBuildFile; fileRef = 558383EA26DB9B9D0019977A /* LevelDesignViewController.swift */; };
		558383F126DB9BB20019977A /* LevelDesign.storyboard in Resources */ = {isa = PBXBuildFile; fileRef = 558383F026DB9BB20019977A /* LevelDesign.storyboard */; };
		558383F526DB9BD30019977A /* LevelDesignViewModel.swift in Sources */ = {isa = PBXBuildFile; fileRef = 558383F426DB9BD30019977A /* LevelDesignViewModel.swift */; };
		5583840326DBA2610019977A /* LevelDesignTableViewCell.swift in Sources */ = {isa = PBXBuildFile; fileRef = 5583840226DBA2610019977A /* LevelDesignTableViewCell.swift */; };
		5583840D26DBC1650019977A /* UIView+Gradient.swift in Sources */ = {isa = PBXBuildFile; fileRef = 5583840C26DBC1650019977A /* UIView+Gradient.swift */; };
		559148712720678D0081DCFD /* VinylaSearchTests.swift in Sources */ = {isa = PBXBuildFile; fileRef = 559148702720678D0081DCFD /* VinylaSearchTests.swift */; };
		559148782721216B0081DCFD /* MockAPIService.swift in Sources */ = {isa = PBXBuildFile; fileRef = 559148772721216B0081DCFD /* MockAPIService.swift */; };
		5591487F272151EF0081DCFD /* SearchMockData.json in Resources */ = {isa = PBXBuildFile; fileRef = 5591487E272151EF0081DCFD /* SearchMockData.json */; };
		559148972722E6130081DCFD /* VinylDetailMockData.json in Resources */ = {isa = PBXBuildFile; fileRef = 559148962722E6130081DCFD /* VinylDetailMockData.json */; };
		5591489B2722E6620081DCFD /* VinylInformation.swift in Sources */ = {isa = PBXBuildFile; fileRef = 5591489A2722E6620081DCFD /* VinylInformation.swift */; };
		5591489F2722E9080081DCFD /* GetViynlDetailAPITests.swift in Sources */ = {isa = PBXBuildFile; fileRef = 5591489E2722E9080081DCFD /* GetViynlDetailAPITests.swift */; };
		559148A3272591820081DCFD /* AddReviewModel.swift in Sources */ = {isa = PBXBuildFile; fileRef = 559148A2272591820081DCFD /* AddReviewModel.swift */; };
		55920178279BFFFC00E13D12 /* CommonNetworkManager.swift in Sources */ = {isa = PBXBuildFile; fileRef = 55920177279BFFFC00E13D12 /* CommonNetworkManager.swift */; };
		55932FC027AAC879006B2DFF /* NetworkErrorHandling.swift in Sources */ = {isa = PBXBuildFile; fileRef = 55932FBF27AAC879006B2DFF /* NetworkErrorHandling.swift */; };
		55932FC627ACB858006B2DFF /* SignInModel.swift in Sources */ = {isa = PBXBuildFile; fileRef = 55932FC527ACB858006B2DFF /* SignInModel.swift */; };
		55932FCA27ACC0BD006B2DFF /* SignInTests.swift in Sources */ = {isa = PBXBuildFile; fileRef = 55932FC927ACC0BD006B2DFF /* SignInTests.swift */; };
		55932FCF27AED510006B2DFF /* UserDefaultsKey.swift in Sources */ = {isa = PBXBuildFile; fileRef = 55932FCE27AED510006B2DFF /* UserDefaultsKey.swift */; };
		5599C77626DCD3D8008F8FDF /* ImageView+NSCache.swift in Sources */ = {isa = PBXBuildFile; fileRef = 5599C77526DCD3D8008F8FDF /* ImageView+NSCache.swift */; };
		5599C77A26DCD510008F8FDF /* NSCacheManager.swift in Sources */ = {isa = PBXBuildFile; fileRef = 5599C77926DCD510008F8FDF /* NSCacheManager.swift */; };
		5599C78526DCF744008F8FDF /* LevelDesignModel.swift in Sources */ = {isa = PBXBuildFile; fileRef = 5599C78426DCF744008F8FDF /* LevelDesignModel.swift */; };
		5599C7AC26DD71A0008F8FDF /* Playball-Regular.ttf in Resources */ = {isa = PBXBuildFile; fileRef = 5599C7AB26DD71A0008F8FDF /* Playball-Regular.ttf */; };
		5599C7B226DD71CB008F8FDF /* NotoSansKR-Medium.otf in Resources */ = {isa = PBXBuildFile; fileRef = 5599C7AF26DD71CA008F8FDF /* NotoSansKR-Medium.otf */; };
		5599C7B326DD71CB008F8FDF /* NotoSansKR-Regular.otf in Resources */ = {isa = PBXBuildFile; fileRef = 5599C7B026DD71CA008F8FDF /* NotoSansKR-Regular.otf */; };
		5599C7B426DD71CB008F8FDF /* NotoSansKR-Bold.otf in Resources */ = {isa = PBXBuildFile; fileRef = 5599C7B126DD71CB008F8FDF /* NotoSansKR-Bold.otf */; };
		5599C7B926DD77A7008F8FDF /* RequestUserVinyl.storyboard in Resources */ = {isa = PBXBuildFile; fileRef = 5599C7B826DD77A7008F8FDF /* RequestUserVinyl.storyboard */; };
		5599C7BD26DD77D1008F8FDF /* RequestUserVinylViewController.swift in Sources */ = {isa = PBXBuildFile; fileRef = 5599C7BC26DD77D1008F8FDF /* RequestUserVinylViewController.swift */; };
		55A394DD274CCE1D0030867F /* ServiceInformationViewController.swift in Sources */ = {isa = PBXBuildFile; fileRef = 55A394DB274CCE1D0030867F /* ServiceInformationViewController.swift */; };
		55A394DE274CCE1D0030867F /* ServiceInformationViewController.xib in Resources */ = {isa = PBXBuildFile; fileRef = 55A394DC274CCE1D0030867F /* ServiceInformationViewController.xib */; };
		55B123E62758A56E00B14C9B /* VinylBoxMockData.json in Resources */ = {isa = PBXBuildFile; fileRef = 55B123E52758A56E00B14C9B /* VinylBoxMockData.json */; };
		55B123EA2758A73800B14C9B /* MyVinylBoxModel.swift in Sources */ = {isa = PBXBuildFile; fileRef = 55B123E92758A73800B14C9B /* MyVinylBoxModel.swift */; };
		55B123EE2758AC3300B14C9B /* GetMyVinylBoxDataTest.swift in Sources */ = {isa = PBXBuildFile; fileRef = 55B123ED2758AC3300B14C9B /* GetMyVinylBoxDataTest.swift */; };
		55B124172758C4FC00B14C9B /* UIViewController+LoadingIndicator.swift in Sources */ = {isa = PBXBuildFile; fileRef = 55B124162758C4FC00B14C9B /* UIViewController+LoadingIndicator.swift */; };
		55DE859426CEB81600E1C8DD /* UIColor+Extension.swift in Sources */ = {isa = PBXBuildFile; fileRef = 55DE859326CEB81600E1C8DD /* UIColor+Extension.swift */; };
		55DF410327F8921F009973BB /* DeleteVinylModel.swift in Sources */ = {isa = PBXBuildFile; fileRef = 55DF410227F8921F009973BB /* DeleteVinylModel.swift */; };
		55DF410F27FB2CA3009973BB /* EmptyGuideView.xib in Resources */ = {isa = PBXBuildFile; fileRef = 55DF410E27FB2CA3009973BB /* EmptyGuideView.xib */; };
		55DF411127FB3309009973BB /* EmptyGuideView.swift in Sources */ = {isa = PBXBuildFile; fileRef = 55DF411027FB3309009973BB /* EmptyGuideView.swift */; };
		55DF4115280BD3A5009973BB /* FavoriteVinylPOPUPViewController.swift in Sources */ = {isa = PBXBuildFile; fileRef = 55DF4113280BD3A5009973BB /* FavoriteVinylPOPUPViewController.swift */; };
		55DF4116280BD3A5009973BB /* FavoriteVinylPOPUPViewController.xib in Resources */ = {isa = PBXBuildFile; fileRef = 55DF4114280BD3A5009973BB /* FavoriteVinylPOPUPViewController.xib */; };
		55DF4118280BDFC2009973BB /* MyVinylModel.swift in Sources */ = {isa = PBXBuildFile; fileRef = 55DF4117280BDFC2009973BB /* MyVinylModel.swift */; };
		55F5965427DDA13600F120AF /* SaveVinylModel.swift in Sources */ = {isa = PBXBuildFile; fileRef = 55F5965327DDA13600F120AF /* SaveVinylModel.swift */; };
		55FFBAC7279BB58700DB71EC /* ServerHost.swift in Sources */ = {isa = PBXBuildFile; fileRef = 55FFBAC6279BB58700DB71EC /* ServerHost.swift */; };
		66444E43DC1F6D3754936E7F /* Pods_VinylaTests.framework in Frameworks */ = {isa = PBXBuildFile; fileRef = 52A0A3360911239F5AD9A90C /* Pods_VinylaTests.framework */; };
		8DCBCA00EFDDD8A29AA73174 /* Pods_Vinyla.framework in Frameworks */ = {isa = PBXBuildFile; fileRef = B0BE351CE732228BCB69A279 /* Pods_Vinyla.framework */; };
		DF390012287F0F4E00D52372 /* AppStoreSupport.swift in Sources */ = {isa = PBXBuildFile; fileRef = DF390011287F0F4E00D52372 /* AppStoreSupport.swift */; };
		DF4B64D0285A124D00FD79E4 /* Instructions in Frameworks */ = {isa = PBXBuildFile; productRef = DF4B64CF285A124D00FD79E4 /* Instructions */; };
		DF5736BC2839CCA300970B6C /* GoogleService-Info.plist in Resources */ = {isa = PBXBuildFile; fileRef = DF5736BB2839CCA300970B6C /* GoogleService-Info.plist */; };
		DF5736BF284325BF00970B6C /* NotificationCenterManager.swift in Sources */ = {isa = PBXBuildFile; fileRef = DF5736BE284325BF00970B6C /* NotificationCenterManager.swift */; };
		DF6A37E72813CBA50011E39D /* CheckHomeInformation.swift in Sources */ = {isa = PBXBuildFile; fileRef = DF6A37E62813CBA50011E39D /* CheckHomeInformation.swift */; };
		DF6A37EB281A60B90011E39D /* MyPageViewController.swift in Sources */ = {isa = PBXBuildFile; fileRef = DF6A37E9281A60B90011E39D /* MyPageViewController.swift */; };
		DF6A37EC281A60B90011E39D /* MyPageViewController.xib in Resources */ = {isa = PBXBuildFile; fileRef = DF6A37EA281A60B90011E39D /* MyPageViewController.xib */; };
		DF6A37EE281A6EBC0011E39D /* MyPageViewModel.swift in Sources */ = {isa = PBXBuildFile; fileRef = DF6A37ED281A6EBC0011E39D /* MyPageViewModel.swift */; };
		DF6A37F4281AB6E50011E39D /* UploadUserVinylModel.swift in Sources */ = {isa = PBXBuildFile; fileRef = DF6A37F3281AB6E50011E39D /* UploadUserVinylModel.swift */; };
		DF6A37F8281D01E20011E39D /* VinylaUserManager.swift in Sources */ = {isa = PBXBuildFile; fileRef = DF6A37F7281D01E20011E39D /* VinylaUserManager.swift */; };
		DF6A37FA281D01F90011E39D /* UserDefaultWrapper.swift in Sources */ = {isa = PBXBuildFile; fileRef = DF6A37F9281D01F90011E39D /* UserDefaultWrapper.swift */; };
		DF6A37FC281D3C250011E39D /* UIButton+.swift in Sources */ = {isa = PBXBuildFile; fileRef = DF6A37FB281D3C240011E39D /* UIButton+.swift */; };
		DF6F4F9E2826A4EB007316C8 /* WithdrawViewController.swift in Sources */ = {isa = PBXBuildFile; fileRef = DF6F4F9C2826A4EB007316C8 /* WithdrawViewController.swift */; };
		DF6F4F9F2826A4EB007316C8 /* WithdrawViewController.xib in Resources */ = {isa = PBXBuildFile; fileRef = DF6F4F9D2826A4EB007316C8 /* WithdrawViewController.xib */; };
		DF6F4FA12826A529007316C8 /* WithdrawViewModel.swift in Sources */ = {isa = PBXBuildFile; fileRef = DF6F4FA02826A529007316C8 /* WithdrawViewModel.swift */; };
		DF6F4FA52826C242007316C8 /* MarketingSubscribedModel.swift in Sources */ = {isa = PBXBuildFile; fileRef = DF6F4FA42826C242007316C8 /* MarketingSubscribedModel.swift */; };
		DF6F4FBA283370CC007316C8 /* SwiftToast.swift in Sources */ = {isa = PBXBuildFile; fileRef = DF6F4FB9283370CC007316C8 /* SwiftToast.swift */; };
		DF99C21C2872EA7F007D591B /* ServiceInformationModel.swift in Sources */ = {isa = PBXBuildFile; fileRef = DF99C21B2872EA7F007D591B /* ServiceInformationModel.swift */; };
		DF99C21E2872EA8E007D591B /* MarketingModel.swift in Sources */ = {isa = PBXBuildFile; fileRef = DF99C21D2872EA8E007D591B /* MarketingModel.swift */; };
		DF99C2202872EA9D007D591B /* PrivacyInformationModel.swift in Sources */ = {isa = PBXBuildFile; fileRef = DF99C21F2872EA9D007D591B /* PrivacyInformationModel.swift */; };
/* End PBXBuildFile section */

/* Begin PBXContainerItemProxy section */
		5544D58A26B14B49003659C6 /* PBXContainerItemProxy */ = {
			isa = PBXContainerItemProxy;
			containerPortal = 5541DD2E268838FB00970794 /* Project object */;
			proxyType = 1;
			remoteGlobalIDString = 5541DD35268838FB00970794;
			remoteInfo = Vinyla;
		};
/* End PBXContainerItemProxy section */

/* Begin PBXFileReference section */
		36D17E3E9541DE181DC65957 /* Pods-Vinyla.release.xcconfig */ = {isa = PBXFileReference; includeInIndex = 1; lastKnownFileType = text.xcconfig; name = "Pods-Vinyla.release.xcconfig"; path = "Target Support Files/Pods-Vinyla/Pods-Vinyla.release.xcconfig"; sourceTree = "<group>"; };
		52A0A3360911239F5AD9A90C /* Pods_VinylaTests.framework */ = {isa = PBXFileReference; explicitFileType = wrapper.framework; includeInIndex = 0; path = Pods_VinylaTests.framework; sourceTree = BUILT_PRODUCTS_DIR; };
		5536083726E1309A00761CFF /* RequestUserVinylViewModel.swift */ = {isa = PBXFileReference; lastKnownFileType = sourcecode.swift; path = RequestUserVinylViewModel.swift; sourceTree = "<group>"; };
		553AE2B1279ED0FC00A2655B /* NetworkManagerTests.swift */ = {isa = PBXFileReference; lastKnownFileType = sourcecode.swift; path = NetworkManagerTests.swift; sourceTree = "<group>"; };
		5541DD36268838FB00970794 /* Vinyla.app */ = {isa = PBXFileReference; explicitFileType = wrapper.application; includeInIndex = 0; path = Vinyla.app; sourceTree = BUILT_PRODUCTS_DIR; };
		5541DD39268838FB00970794 /* AppDelegate.swift */ = {isa = PBXFileReference; lastKnownFileType = sourcecode.swift; path = AppDelegate.swift; sourceTree = "<group>"; };
		5541DD3B268838FB00970794 /* SceneDelegate.swift */ = {isa = PBXFileReference; lastKnownFileType = sourcecode.swift; path = SceneDelegate.swift; sourceTree = "<group>"; };
		5541DD422688390800970794 /* Assets.xcassets */ = {isa = PBXFileReference; lastKnownFileType = folder.assetcatalog; path = Assets.xcassets; sourceTree = "<group>"; };
		5541DD452688390800970794 /* Base */ = {isa = PBXFileReference; lastKnownFileType = file.storyboard; name = Base; path = Base.lproj/LaunchScreen.storyboard; sourceTree = "<group>"; };
		5541DD472688390800970794 /* Info.plist */ = {isa = PBXFileReference; lastKnownFileType = text.plist.xml; path = Info.plist; sourceTree = "<group>"; };
		5541DD4F26883A6800970794 /* LogInViewStoryBoard.storyboard */ = {isa = PBXFileReference; lastKnownFileType = file.storyboard; path = LogInViewStoryBoard.storyboard; sourceTree = "<group>"; };
		5541DD5226883AF500970794 /* LogInViewController.swift */ = {isa = PBXFileReference; lastKnownFileType = sourcecode.swift; path = LogInViewController.swift; sourceTree = "<group>"; };
		5541DD5A269AD35F00970794 /* SignUp.storyboard */ = {isa = PBXFileReference; lastKnownFileType = file.storyboard; path = SignUp.storyboard; sourceTree = "<group>"; };
		5541DD5D269AD36800970794 /* SignUpViewController.swift */ = {isa = PBXFileReference; lastKnownFileType = sourcecode.swift; path = SignUpViewController.swift; sourceTree = "<group>"; };
		5541DD61269AD4E800970794 /* HomeViewController.swift */ = {isa = PBXFileReference; lastKnownFileType = sourcecode.swift; path = HomeViewController.swift; sourceTree = "<group>"; };
		5541DD65269AD4F000970794 /* HomeStoryboard.storyboard */ = {isa = PBXFileReference; lastKnownFileType = file.storyboard; path = HomeStoryboard.storyboard; sourceTree = "<group>"; };
		5541DD6926AD5C9100970794 /* Search.storyboard */ = {isa = PBXFileReference; lastKnownFileType = file.storyboard; path = Search.storyboard; sourceTree = "<group>"; };
		5541DD6C26AD5CDA00970794 /* SearchViewController.swift */ = {isa = PBXFileReference; lastKnownFileType = sourcecode.swift; path = SearchViewController.swift; sourceTree = "<group>"; };
		5541DD7026AE955100970794 /* VinylBoxViewController.swift */ = {isa = PBXFileReference; lastKnownFileType = sourcecode.swift; path = VinylBoxViewController.swift; sourceTree = "<group>"; };
		5541DD7426AE955B00970794 /* VinylBox.storyboard */ = {isa = PBXFileReference; lastKnownFileType = file.storyboard; path = VinylBox.storyboard; sourceTree = "<group>"; };
		5541DD7726AF0DFF00970794 /* SignUpModel.swift */ = {isa = PBXFileReference; lastKnownFileType = sourcecode.swift; path = SignUpModel.swift; sourceTree = "<group>"; };
		5541DD7B26AF113700970794 /* TextFieldPadding.swift */ = {isa = PBXFileReference; lastKnownFileType = sourcecode.swift; path = TextFieldPadding.swift; sourceTree = "<group>"; };
		5544D57526B13E4E003659C6 /* SignUpViewModel.swift */ = {isa = PBXFileReference; lastKnownFileType = sourcecode.swift; path = SignUpViewModel.swift; sourceTree = "<group>"; };
		5544D57926B14538003659C6 /* DIContainer.swift */ = {isa = PBXFileReference; lastKnownFileType = sourcecode.swift; path = DIContainer.swift; sourceTree = "<group>"; };
		5544D58526B14B49003659C6 /* VinylaTests.xctest */ = {isa = PBXFileReference; explicitFileType = wrapper.cfbundle; includeInIndex = 0; path = VinylaTests.xctest; sourceTree = BUILT_PRODUCTS_DIR; };
		5544D58726B14B49003659C6 /* VinylaBoxLevelDesignTests.swift */ = {isa = PBXFileReference; lastKnownFileType = sourcecode.swift; path = VinylaBoxLevelDesignTests.swift; sourceTree = "<group>"; };
		5544D58926B14B49003659C6 /* Info.plist */ = {isa = PBXFileReference; lastKnownFileType = text.plist.xml; path = Info.plist; sourceTree = "<group>"; };
		5544D59E26B1BFEF003659C6 /* SearchTableViewCell.swift */ = {isa = PBXFileReference; lastKnownFileType = sourcecode.swift; path = SearchTableViewCell.swift; sourceTree = "<group>"; };
		5544D59F26B1BFEF003659C6 /* SearchTableViewCell.xib */ = {isa = PBXFileReference; lastKnownFileType = file.xib; path = SearchTableViewCell.xib; sourceTree = "<group>"; };
		5544D5A726B3038E003659C6 /* VinylBoxCollectionViewCell.swift */ = {isa = PBXFileReference; lastKnownFileType = sourcecode.swift; path = VinylBoxCollectionViewCell.swift; sourceTree = "<group>"; };
		5544D5A826B3038E003659C6 /* VinylBoxCollectionViewCell.xib */ = {isa = PBXFileReference; lastKnownFileType = file.xib; path = VinylBoxCollectionViewCell.xib; sourceTree = "<group>"; };
		5544D5AF26B30ED0003659C6 /* AddReview.storyboard */ = {isa = PBXFileReference; lastKnownFileType = file.storyboard; path = AddReview.storyboard; sourceTree = "<group>"; };
		5544D5B526B30EE7003659C6 /* AddReviewViewController.swift */ = {isa = PBXFileReference; lastKnownFileType = sourcecode.swift; path = AddReviewViewController.swift; sourceTree = "<group>"; };
		5544D5C426B52D07003659C6 /* AppCoordinator.swift */ = {isa = PBXFileReference; lastKnownFileType = sourcecode.swift; path = AppCoordinator.swift; sourceTree = "<group>"; };
		5544D5FB26BBDE13003659C6 /* LogInViewModel.swift */ = {isa = PBXFileReference; lastKnownFileType = sourcecode.swift; path = LogInViewModel.swift; sourceTree = "<group>"; };
		5544D60126BBDFA9003659C6 /* HomeViewModel.swift */ = {isa = PBXFileReference; lastKnownFileType = sourcecode.swift; path = HomeViewModel.swift; sourceTree = "<group>"; };
		5544D60526BBE855003659C6 /* SearchViewModel.swift */ = {isa = PBXFileReference; lastKnownFileType = sourcecode.swift; path = SearchViewModel.swift; sourceTree = "<group>"; };
		5544D60B26BBF227003659C6 /* AddReviewViewModel.swift */ = {isa = PBXFileReference; lastKnownFileType = sourcecode.swift; path = AddReviewViewModel.swift; sourceTree = "<group>"; };
		5544D61126BC07DA003659C6 /* VinylBoxViewModel.swift */ = {isa = PBXFileReference; lastKnownFileType = sourcecode.swift; path = VinylBoxViewModel.swift; sourceTree = "<group>"; };
		5544D62426BD1841003659C6 /* AddInformationViewController.swift */ = {isa = PBXFileReference; lastKnownFileType = sourcecode.swift; path = AddInformationViewController.swift; sourceTree = "<group>"; };
		5544D62A26BD184B003659C6 /* AddInformation.storyboard */ = {isa = PBXFileReference; lastKnownFileType = file.storyboard; path = AddInformation.storyboard; sourceTree = "<group>"; };
		5544D62E26BD187C003659C6 /* AddInformationViewModel.swift */ = {isa = PBXFileReference; lastKnownFileType = sourcecode.swift; path = AddInformationViewModel.swift; sourceTree = "<group>"; };
		5544D63326BD43C4003659C6 /* CoreDataManager.swift */ = {isa = PBXFileReference; lastKnownFileType = sourcecode.swift; path = CoreDataManager.swift; sourceTree = "<group>"; };
		5544D63826BD4517003659C6 /* MainFavoriteModel.xcdatamodel */ = {isa = PBXFileReference; lastKnownFileType = wrapper.xcdatamodel; path = MainFavoriteModel.xcdatamodel; sourceTree = "<group>"; };
		5544D64426BEA8A0003659C6 /* VinylBoxModel.swift */ = {isa = PBXFileReference; lastKnownFileType = sourcecode.swift; path = VinylBoxModel.swift; sourceTree = "<group>"; };
		5544D64826BEBB9F003659C6 /* DownScaleImage.swift */ = {isa = PBXFileReference; lastKnownFileType = sourcecode.swift; path = DownScaleImage.swift; sourceTree = "<group>"; };
		5544D64C26C0347D003659C6 /* BlurCircleView.xib */ = {isa = PBXFileReference; lastKnownFileType = file.xib; path = BlurCircleView.xib; sourceTree = "<group>"; };
		5544D65026C037C2003659C6 /* BlurCircleView.swift */ = {isa = PBXFileReference; lastKnownFileType = sourcecode.swift; path = BlurCircleView.swift; sourceTree = "<group>"; };
		5555A00926CAB7A900477DBE /* AddInformationModel.swift */ = {isa = PBXFileReference; lastKnownFileType = sourcecode.swift; path = AddInformationModel.swift; sourceTree = "<group>"; };
		5555A01626CCE64100477DBE /* DeleteInformationViewModel.swift */ = {isa = PBXFileReference; lastKnownFileType = sourcecode.swift; path = DeleteInformationViewModel.swift; sourceTree = "<group>"; };
		55592C0926C2876900F85A9A /* PagingCollectionViewCell.swift */ = {isa = PBXFileReference; lastKnownFileType = sourcecode.swift; path = PagingCollectionViewCell.swift; sourceTree = "<group>"; };
		55592C0A26C2876900F85A9A /* PagingCollectionViewCell.xib */ = {isa = PBXFileReference; lastKnownFileType = file.xib; path = PagingCollectionViewCell.xib; sourceTree = "<group>"; };
		55592C1526C409B700F85A9A /* RecentVinylCollectionViewCell.swift */ = {isa = PBXFileReference; lastKnownFileType = sourcecode.swift; path = RecentVinylCollectionViewCell.swift; sourceTree = "<group>"; };
		55592C1626C409B700F85A9A /* RecentVinylCollectionViewCell.xib */ = {isa = PBXFileReference; lastKnownFileType = file.xib; path = RecentVinylCollectionViewCell.xib; sourceTree = "<group>"; };
		55592C1F26C4BC0B00F85A9A /* AlbumSongListTableViewCell.swift */ = {isa = PBXFileReference; lastKnownFileType = sourcecode.swift; path = AlbumSongListTableViewCell.swift; sourceTree = "<group>"; };
		55592C2026C4BC0B00F85A9A /* AlbumSongListTableViewCell.xib */ = {isa = PBXFileReference; lastKnownFileType = file.xib; path = AlbumSongListTableViewCell.xib; sourceTree = "<group>"; };
		55592C5026C8D34300F85A9A /* DeleteInformationViewController.swift */ = {isa = PBXFileReference; lastKnownFileType = sourcecode.swift; path = DeleteInformationViewController.swift; sourceTree = "<group>"; };
		55592C5426C8D34D00F85A9A /* DeleteInformation.storyboard */ = {isa = PBXFileReference; lastKnownFileType = file.storyboard; path = DeleteInformation.storyboard; sourceTree = "<group>"; };
		555995862797BF31002FA8AC /* SignUpTests.swift */ = {isa = PBXFileReference; lastKnownFileType = sourcecode.swift; path = SignUpTests.swift; sourceTree = "<group>"; };
		5561CD3D2791A7CB0087DED6 /* NickNameCheckModel.swift */ = {isa = PBXFileReference; lastKnownFileType = sourcecode.swift; path = NickNameCheckModel.swift; sourceTree = "<group>"; };
		558383C526D8AC0C0019977A /* APITarget.swift */ = {isa = PBXFileReference; lastKnownFileType = sourcecode.swift; path = APITarget.swift; sourceTree = "<group>"; };
		558383CB26D8B0A00019977A /* APIService.swift */ = {isa = PBXFileReference; lastKnownFileType = sourcecode.swift; path = APIService.swift; sourceTree = "<group>"; };
		558383CF26D8B1C60019977A /* SearchModel.swift */ = {isa = PBXFileReference; lastKnownFileType = sourcecode.swift; path = SearchModel.swift; sourceTree = "<group>"; };
		558383DD26D92E490019977A /* MovieModel.swift */ = {isa = PBXFileReference; lastKnownFileType = sourcecode.swift; path = MovieModel.swift; sourceTree = "<group>"; };
		558383EA26DB9B9D0019977A /* LevelDesignViewController.swift */ = {isa = PBXFileReference; lastKnownFileType = sourcecode.swift; path = LevelDesignViewController.swift; sourceTree = "<group>"; };
		558383F026DB9BB20019977A /* LevelDesign.storyboard */ = {isa = PBXFileReference; lastKnownFileType = file.storyboard; path = LevelDesign.storyboard; sourceTree = "<group>"; };
		558383F426DB9BD30019977A /* LevelDesignViewModel.swift */ = {isa = PBXFileReference; lastKnownFileType = sourcecode.swift; path = LevelDesignViewModel.swift; sourceTree = "<group>"; };
		5583840226DBA2610019977A /* LevelDesignTableViewCell.swift */ = {isa = PBXFileReference; lastKnownFileType = sourcecode.swift; path = LevelDesignTableViewCell.swift; sourceTree = "<group>"; };
		5583840C26DBC1650019977A /* UIView+Gradient.swift */ = {isa = PBXFileReference; lastKnownFileType = sourcecode.swift; path = "UIView+Gradient.swift"; sourceTree = "<group>"; };
		559148702720678D0081DCFD /* VinylaSearchTests.swift */ = {isa = PBXFileReference; lastKnownFileType = sourcecode.swift; path = VinylaSearchTests.swift; sourceTree = "<group>"; };
		559148772721216B0081DCFD /* MockAPIService.swift */ = {isa = PBXFileReference; lastKnownFileType = sourcecode.swift; path = MockAPIService.swift; sourceTree = "<group>"; };
		5591487E272151EF0081DCFD /* SearchMockData.json */ = {isa = PBXFileReference; lastKnownFileType = text.json; path = SearchMockData.json; sourceTree = "<group>"; };
		559148962722E6130081DCFD /* VinylDetailMockData.json */ = {isa = PBXFileReference; lastKnownFileType = text.json; path = VinylDetailMockData.json; sourceTree = "<group>"; };
		5591489A2722E6620081DCFD /* VinylInformation.swift */ = {isa = PBXFileReference; lastKnownFileType = sourcecode.swift; path = VinylInformation.swift; sourceTree = "<group>"; };
		5591489E2722E9080081DCFD /* GetViynlDetailAPITests.swift */ = {isa = PBXFileReference; lastKnownFileType = sourcecode.swift; path = GetViynlDetailAPITests.swift; sourceTree = "<group>"; };
		559148A2272591820081DCFD /* AddReviewModel.swift */ = {isa = PBXFileReference; lastKnownFileType = sourcecode.swift; path = AddReviewModel.swift; sourceTree = "<group>"; };
		55920177279BFFFC00E13D12 /* CommonNetworkManager.swift */ = {isa = PBXFileReference; lastKnownFileType = sourcecode.swift; path = CommonNetworkManager.swift; sourceTree = "<group>"; };
		55932FBF27AAC879006B2DFF /* NetworkErrorHandling.swift */ = {isa = PBXFileReference; lastKnownFileType = sourcecode.swift; path = NetworkErrorHandling.swift; sourceTree = "<group>"; };
		55932FC527ACB858006B2DFF /* SignInModel.swift */ = {isa = PBXFileReference; lastKnownFileType = sourcecode.swift; path = SignInModel.swift; sourceTree = "<group>"; };
		55932FC927ACC0BD006B2DFF /* SignInTests.swift */ = {isa = PBXFileReference; lastKnownFileType = sourcecode.swift; path = SignInTests.swift; sourceTree = "<group>"; };
		55932FCE27AED510006B2DFF /* UserDefaultsKey.swift */ = {isa = PBXFileReference; lastKnownFileType = sourcecode.swift; path = UserDefaultsKey.swift; sourceTree = "<group>"; };
		5599C77526DCD3D8008F8FDF /* ImageView+NSCache.swift */ = {isa = PBXFileReference; lastKnownFileType = sourcecode.swift; path = "ImageView+NSCache.swift"; sourceTree = "<group>"; };
		5599C77926DCD510008F8FDF /* NSCacheManager.swift */ = {isa = PBXFileReference; lastKnownFileType = sourcecode.swift; path = NSCacheManager.swift; sourceTree = "<group>"; };
		5599C78426DCF744008F8FDF /* LevelDesignModel.swift */ = {isa = PBXFileReference; lastKnownFileType = sourcecode.swift; path = LevelDesignModel.swift; sourceTree = "<group>"; };
		5599C7AB26DD71A0008F8FDF /* Playball-Regular.ttf */ = {isa = PBXFileReference; lastKnownFileType = file; path = "Playball-Regular.ttf"; sourceTree = "<group>"; };
		5599C7AF26DD71CA008F8FDF /* NotoSansKR-Medium.otf */ = {isa = PBXFileReference; lastKnownFileType = file; path = "NotoSansKR-Medium.otf"; sourceTree = "<group>"; };
		5599C7B026DD71CA008F8FDF /* NotoSansKR-Regular.otf */ = {isa = PBXFileReference; lastKnownFileType = file; path = "NotoSansKR-Regular.otf"; sourceTree = "<group>"; };
		5599C7B126DD71CB008F8FDF /* NotoSansKR-Bold.otf */ = {isa = PBXFileReference; lastKnownFileType = file; path = "NotoSansKR-Bold.otf"; sourceTree = "<group>"; };
		5599C7B826DD77A7008F8FDF /* RequestUserVinyl.storyboard */ = {isa = PBXFileReference; lastKnownFileType = file.storyboard; path = RequestUserVinyl.storyboard; sourceTree = "<group>"; };
		5599C7BC26DD77D1008F8FDF /* RequestUserVinylViewController.swift */ = {isa = PBXFileReference; lastKnownFileType = sourcecode.swift; path = RequestUserVinylViewController.swift; sourceTree = "<group>"; };
		55A394DB274CCE1D0030867F /* ServiceInformationViewController.swift */ = {isa = PBXFileReference; lastKnownFileType = sourcecode.swift; path = ServiceInformationViewController.swift; sourceTree = "<group>"; };
		55A394DC274CCE1D0030867F /* ServiceInformationViewController.xib */ = {isa = PBXFileReference; lastKnownFileType = file.xib; path = ServiceInformationViewController.xib; sourceTree = "<group>"; };
		55B123E52758A56E00B14C9B /* VinylBoxMockData.json */ = {isa = PBXFileReference; lastKnownFileType = text.json; path = VinylBoxMockData.json; sourceTree = "<group>"; };
		55B123E92758A73800B14C9B /* MyVinylBoxModel.swift */ = {isa = PBXFileReference; lastKnownFileType = sourcecode.swift; path = MyVinylBoxModel.swift; sourceTree = "<group>"; };
		55B123ED2758AC3300B14C9B /* GetMyVinylBoxDataTest.swift */ = {isa = PBXFileReference; lastKnownFileType = sourcecode.swift; path = GetMyVinylBoxDataTest.swift; sourceTree = "<group>"; };
		55B124162758C4FC00B14C9B /* UIViewController+LoadingIndicator.swift */ = {isa = PBXFileReference; lastKnownFileType = sourcecode.swift; path = "UIViewController+LoadingIndicator.swift"; sourceTree = "<group>"; };
		55DE859326CEB81600E1C8DD /* UIColor+Extension.swift */ = {isa = PBXFileReference; lastKnownFileType = sourcecode.swift; path = "UIColor+Extension.swift"; sourceTree = "<group>"; };
		55DF410227F8921F009973BB /* DeleteVinylModel.swift */ = {isa = PBXFileReference; lastKnownFileType = sourcecode.swift; path = DeleteVinylModel.swift; sourceTree = "<group>"; };
		55DF410E27FB2CA3009973BB /* EmptyGuideView.xib */ = {isa = PBXFileReference; lastKnownFileType = file.xib; path = EmptyGuideView.xib; sourceTree = "<group>"; };
		55DF411027FB3309009973BB /* EmptyGuideView.swift */ = {isa = PBXFileReference; lastKnownFileType = sourcecode.swift; path = EmptyGuideView.swift; sourceTree = "<group>"; };
		55DF4113280BD3A5009973BB /* FavoriteVinylPOPUPViewController.swift */ = {isa = PBXFileReference; lastKnownFileType = sourcecode.swift; path = FavoriteVinylPOPUPViewController.swift; sourceTree = "<group>"; };
		55DF4114280BD3A5009973BB /* FavoriteVinylPOPUPViewController.xib */ = {isa = PBXFileReference; lastKnownFileType = file.xib; path = FavoriteVinylPOPUPViewController.xib; sourceTree = "<group>"; };
		55DF4117280BDFC2009973BB /* MyVinylModel.swift */ = {isa = PBXFileReference; lastKnownFileType = sourcecode.swift; path = MyVinylModel.swift; sourceTree = "<group>"; };
		55F5965327DDA13600F120AF /* SaveVinylModel.swift */ = {isa = PBXFileReference; lastKnownFileType = sourcecode.swift; path = SaveVinylModel.swift; sourceTree = "<group>"; };
		55FFBAC6279BB58700DB71EC /* ServerHost.swift */ = {isa = PBXFileReference; lastKnownFileType = sourcecode.swift; path = ServerHost.swift; sourceTree = "<group>"; };
		B09779923C11442C10F91434 /* Pods-VinylaTests.release.xcconfig */ = {isa = PBXFileReference; includeInIndex = 1; lastKnownFileType = text.xcconfig; name = "Pods-VinylaTests.release.xcconfig"; path = "Target Support Files/Pods-VinylaTests/Pods-VinylaTests.release.xcconfig"; sourceTree = "<group>"; };
		B0BE351CE732228BCB69A279 /* Pods_Vinyla.framework */ = {isa = PBXFileReference; explicitFileType = wrapper.framework; includeInIndex = 0; path = Pods_Vinyla.framework; sourceTree = BUILT_PRODUCTS_DIR; };
		B2783404AFAA911197F635AE /* Pods-VinylaTests.debug.xcconfig */ = {isa = PBXFileReference; includeInIndex = 1; lastKnownFileType = text.xcconfig; name = "Pods-VinylaTests.debug.xcconfig"; path = "Target Support Files/Pods-VinylaTests/Pods-VinylaTests.debug.xcconfig"; sourceTree = "<group>"; };
		CA52B686E1BC593B06669BEF /* Pods-Vinyla.debug.xcconfig */ = {isa = PBXFileReference; includeInIndex = 1; lastKnownFileType = text.xcconfig; name = "Pods-Vinyla.debug.xcconfig"; path = "Target Support Files/Pods-Vinyla/Pods-Vinyla.debug.xcconfig"; sourceTree = "<group>"; };
		DF390011287F0F4E00D52372 /* AppStoreSupport.swift */ = {isa = PBXFileReference; lastKnownFileType = sourcecode.swift; path = AppStoreSupport.swift; sourceTree = "<group>"; };
		DF5736BA2838EA5800970B6C /* Vinyla.entitlements */ = {isa = PBXFileReference; lastKnownFileType = text.plist.entitlements; path = Vinyla.entitlements; sourceTree = "<group>"; };
		DF5736BB2839CCA300970B6C /* GoogleService-Info.plist */ = {isa = PBXFileReference; fileEncoding = 4; lastKnownFileType = text.plist.xml; path = "GoogleService-Info.plist"; sourceTree = "<group>"; };
		DF5736BE284325BF00970B6C /* NotificationCenterManager.swift */ = {isa = PBXFileReference; lastKnownFileType = sourcecode.swift; path = NotificationCenterManager.swift; sourceTree = "<group>"; };
		DF6A37E62813CBA50011E39D /* CheckHomeInformation.swift */ = {isa = PBXFileReference; lastKnownFileType = sourcecode.swift; path = CheckHomeInformation.swift; sourceTree = "<group>"; };
		DF6A37E9281A60B90011E39D /* MyPageViewController.swift */ = {isa = PBXFileReference; lastKnownFileType = sourcecode.swift; path = MyPageViewController.swift; sourceTree = "<group>"; };
		DF6A37EA281A60B90011E39D /* MyPageViewController.xib */ = {isa = PBXFileReference; lastKnownFileType = file.xib; path = MyPageViewController.xib; sourceTree = "<group>"; };
		DF6A37ED281A6EBC0011E39D /* MyPageViewModel.swift */ = {isa = PBXFileReference; lastKnownFileType = sourcecode.swift; path = MyPageViewModel.swift; sourceTree = "<group>"; };
		DF6A37F3281AB6E50011E39D /* UploadUserVinylModel.swift */ = {isa = PBXFileReference; lastKnownFileType = sourcecode.swift; path = UploadUserVinylModel.swift; sourceTree = "<group>"; };
		DF6A37F7281D01E20011E39D /* VinylaUserManager.swift */ = {isa = PBXFileReference; lastKnownFileType = sourcecode.swift; path = VinylaUserManager.swift; sourceTree = "<group>"; };
		DF6A37F9281D01F90011E39D /* UserDefaultWrapper.swift */ = {isa = PBXFileReference; lastKnownFileType = sourcecode.swift; path = UserDefaultWrapper.swift; sourceTree = "<group>"; };
		DF6A37FB281D3C240011E39D /* UIButton+.swift */ = {isa = PBXFileReference; lastKnownFileType = sourcecode.swift; path = "UIButton+.swift"; sourceTree = "<group>"; };
		DF6F4F9C2826A4EB007316C8 /* WithdrawViewController.swift */ = {isa = PBXFileReference; lastKnownFileType = sourcecode.swift; path = WithdrawViewController.swift; sourceTree = "<group>"; };
		DF6F4F9D2826A4EB007316C8 /* WithdrawViewController.xib */ = {isa = PBXFileReference; lastKnownFileType = file.xib; path = WithdrawViewController.xib; sourceTree = "<group>"; };
		DF6F4FA02826A529007316C8 /* WithdrawViewModel.swift */ = {isa = PBXFileReference; lastKnownFileType = sourcecode.swift; path = WithdrawViewModel.swift; sourceTree = "<group>"; };
		DF6F4FA42826C242007316C8 /* MarketingSubscribedModel.swift */ = {isa = PBXFileReference; lastKnownFileType = sourcecode.swift; path = MarketingSubscribedModel.swift; sourceTree = "<group>"; };
		DF6F4FB9283370CC007316C8 /* SwiftToast.swift */ = {isa = PBXFileReference; lastKnownFileType = sourcecode.swift; path = SwiftToast.swift; sourceTree = "<group>"; };
		DF99C21B2872EA7F007D591B /* ServiceInformationModel.swift */ = {isa = PBXFileReference; lastKnownFileType = sourcecode.swift; path = ServiceInformationModel.swift; sourceTree = "<group>"; };
		DF99C21D2872EA8E007D591B /* MarketingModel.swift */ = {isa = PBXFileReference; lastKnownFileType = sourcecode.swift; path = MarketingModel.swift; sourceTree = "<group>"; };
		DF99C21F2872EA9D007D591B /* PrivacyInformationModel.swift */ = {isa = PBXFileReference; lastKnownFileType = sourcecode.swift; path = PrivacyInformationModel.swift; sourceTree = "<group>"; };
/* End PBXFileReference section */

/* Begin PBXFrameworksBuildPhase section */
		5541DD33268838FB00970794 /* Frameworks */ = {
			isa = PBXFrameworksBuildPhase;
			buildActionMask = 2147483647;
			files = (
				8DCBCA00EFDDD8A29AA73174 /* Pods_Vinyla.framework in Frameworks */,
				DF4B64D0285A124D00FD79E4 /* Instructions in Frameworks */,
			);
			runOnlyForDeploymentPostprocessing = 0;
		};
		5544D58226B14B49003659C6 /* Frameworks */ = {
			isa = PBXFrameworksBuildPhase;
			buildActionMask = 2147483647;
			files = (
				66444E43DC1F6D3754936E7F /* Pods_VinylaTests.framework in Frameworks */,
			);
			runOnlyForDeploymentPostprocessing = 0;
		};
/* End PBXFrameworksBuildPhase section */

/* Begin PBXGroup section */
		5541DD2D268838FB00970794 = {
			isa = PBXGroup;
			children = (
				5541DD38268838FB00970794 /* Vinyla */,
				5544D58626B14B49003659C6 /* VinylaTests */,
				5541DD37268838FB00970794 /* Products */,
				649E839C7315FE65D2FD9EBB /* Pods */,
				E76915B2D0D870AF48EB166B /* Frameworks */,
			);
			sourceTree = "<group>";
		};
		5541DD37268838FB00970794 /* Products */ = {
			isa = PBXGroup;
			children = (
				5541DD36268838FB00970794 /* Vinyla.app */,
				5544D58526B14B49003659C6 /* VinylaTests.xctest */,
			);
			name = Products;
			sourceTree = "<group>";
		};
		5541DD38268838FB00970794 /* Vinyla */ = {
			isa = PBXGroup;
			children = (
				DF5736BD2843259B00970B6C /* Notifications */,
				DF5736BA2838EA5800970B6C /* Vinyla.entitlements */,
				DF6F4FB8283370C2007316C8 /* Toast */,
				55932FCD27AED4FF006B2DFF /* User */,
				5599C7AA26DD717E008F8FDF /* Font */,
				5599C77F26DCDB1D008F8FDF /* NSChache */,
				558383C426D8ABDA0019977A /* Network */,
				55592C2526C4C45400F85A9A /* AppCoordinator */,
				5544D63226BD43A5003659C6 /* CoreData */,
				5544D57826B144D2003659C6 /* DIContainer */,
				5541DD7A26AF110F00970794 /* Extension */,
				5541DD562688437C00970794 /* Models */,
				5541DD572688438100970794 /* Modules */,
				5541DD39268838FB00970794 /* AppDelegate.swift */,
				5541DD3B268838FB00970794 /* SceneDelegate.swift */,
				5541DD422688390800970794 /* Assets.xcassets */,
				5541DD442688390800970794 /* LaunchScreen.storyboard */,
				5541DD472688390800970794 /* Info.plist */,
				DF5736BB2839CCA300970B6C /* GoogleService-Info.plist */,
			);
			path = Vinyla;
			sourceTree = "<group>";
		};
		5541DD562688437C00970794 /* Models */ = {
			isa = PBXGroup;
			children = (
				5541DD7726AF0DFF00970794 /* SignUpModel.swift */,
				5544D64426BEA8A0003659C6 /* VinylBoxModel.swift */,
				5555A00926CAB7A900477DBE /* AddInformationModel.swift */,
				558383CF26D8B1C60019977A /* SearchModel.swift */,
				558383DD26D92E490019977A /* MovieModel.swift */,
				5599C78426DCF744008F8FDF /* LevelDesignModel.swift */,
				5591489A2722E6620081DCFD /* VinylInformation.swift */,
				559148A2272591820081DCFD /* AddReviewModel.swift */,
				55B123E92758A73800B14C9B /* MyVinylBoxModel.swift */,
				5561CD3D2791A7CB0087DED6 /* NickNameCheckModel.swift */,
				55932FC527ACB858006B2DFF /* SignInModel.swift */,
				55F5965327DDA13600F120AF /* SaveVinylModel.swift */,
				55DF410227F8921F009973BB /* DeleteVinylModel.swift */,
				55DF4117280BDFC2009973BB /* MyVinylModel.swift */,
				DF6A37E62813CBA50011E39D /* CheckHomeInformation.swift */,
				DF6A37F3281AB6E50011E39D /* UploadUserVinylModel.swift */,
				DF6F4FA42826C242007316C8 /* MarketingSubscribedModel.swift */,
			);
			path = Models;
			sourceTree = "<group>";
		};
		5541DD572688438100970794 /* Modules */ = {
			isa = PBXGroup;
			children = (
				DF6F4F9B2826A4DE007316C8 /* Withdraw */,
				DF6A37E8281A60940011E39D /* MyPage */,
				55A394D6274CCD990030867F /* ServiceInformation */,
				5599C7B726DD776F008F8FDF /* RequestUserViynl */,
				558383E926DB9B5D0019977A /* LevelDesign */,
				55DE859F26CF8C9300E1C8DD /* BlurCircleView */,
				5544D62326BD170F003659C6 /* DeleteInformation */,
				5544D5AE26B30E85003659C6 /* AddReview */,
				5544D5AD26B30E77003659C6 /* AddInformation */,
				5541DD6F26AE954000970794 /* VinylBox */,
				5541DD6826AD5C7E00970794 /* Search */,
				5541DD60269AD4D500970794 /* Home */,
				5541DD59269AD34200970794 /* SignUp */,
				5541DD582688439800970794 /* LogIn */,
			);
			path = Modules;
			sourceTree = "<group>";
		};
		5541DD582688439800970794 /* LogIn */ = {
			isa = PBXGroup;
			children = (
				5541DD5226883AF500970794 /* LogInViewController.swift */,
				5541DD4F26883A6800970794 /* LogInViewStoryBoard.storyboard */,
				5544D5FB26BBDE13003659C6 /* LogInViewModel.swift */,
			);
			path = LogIn;
			sourceTree = "<group>";
		};
		5541DD59269AD34200970794 /* SignUp */ = {
			isa = PBXGroup;
			children = (
				5541DD5A269AD35F00970794 /* SignUp.storyboard */,
				5541DD5D269AD36800970794 /* SignUpViewController.swift */,
				5544D57526B13E4E003659C6 /* SignUpViewModel.swift */,
			);
			path = SignUp;
			sourceTree = "<group>";
		};
		5541DD60269AD4D500970794 /* Home */ = {
			isa = PBXGroup;
			children = (
				5541DD61269AD4E800970794 /* HomeViewController.swift */,
				5541DD65269AD4F000970794 /* HomeStoryboard.storyboard */,
				5544D60126BBDFA9003659C6 /* HomeViewModel.swift */,
				55592C1526C409B700F85A9A /* RecentVinylCollectionViewCell.swift */,
				55592C1626C409B700F85A9A /* RecentVinylCollectionViewCell.xib */,
			);
			path = Home;
			sourceTree = "<group>";
		};
		5541DD6826AD5C7E00970794 /* Search */ = {
			isa = PBXGroup;
			children = (
				5541DD6926AD5C9100970794 /* Search.storyboard */,
				5541DD6C26AD5CDA00970794 /* SearchViewController.swift */,
				5544D59E26B1BFEF003659C6 /* SearchTableViewCell.swift */,
				5544D59F26B1BFEF003659C6 /* SearchTableViewCell.xib */,
				5544D60526BBE855003659C6 /* SearchViewModel.swift */,
			);
			path = Search;
			sourceTree = "<group>";
		};
		5541DD6F26AE954000970794 /* VinylBox */ = {
			isa = PBXGroup;
			children = (
				5541DD7026AE955100970794 /* VinylBoxViewController.swift */,
				5541DD7426AE955B00970794 /* VinylBox.storyboard */,
				5544D5A726B3038E003659C6 /* VinylBoxCollectionViewCell.swift */,
				5544D5A826B3038E003659C6 /* VinylBoxCollectionViewCell.xib */,
				5544D61126BC07DA003659C6 /* VinylBoxViewModel.swift */,
				55592C0926C2876900F85A9A /* PagingCollectionViewCell.swift */,
				55592C0A26C2876900F85A9A /* PagingCollectionViewCell.xib */,
				55DF410E27FB2CA3009973BB /* EmptyGuideView.xib */,
				55DF411027FB3309009973BB /* EmptyGuideView.swift */,
			);
			path = VinylBox;
			sourceTree = "<group>";
		};
		5541DD7A26AF110F00970794 /* Extension */ = {
			isa = PBXGroup;
			children = (
				5541DD7B26AF113700970794 /* TextFieldPadding.swift */,
				5544D64826BEBB9F003659C6 /* DownScaleImage.swift */,
				55DE859326CEB81600E1C8DD /* UIColor+Extension.swift */,
				5583840C26DBC1650019977A /* UIView+Gradient.swift */,
				55B124162758C4FC00B14C9B /* UIViewController+LoadingIndicator.swift */,
				DF6A37FB281D3C240011E39D /* UIButton+.swift */,
				DF390011287F0F4E00D52372 /* AppStoreSupport.swift */,
			);
			path = Extension;
			sourceTree = "<group>";
		};
		5544D57826B144D2003659C6 /* DIContainer */ = {
			isa = PBXGroup;
			children = (
				5544D57926B14538003659C6 /* DIContainer.swift */,
			);
			path = DIContainer;
			sourceTree = "<group>";
		};
		5544D58626B14B49003659C6 /* VinylaTests */ = {
			isa = PBXGroup;
			children = (
				5544D58726B14B49003659C6 /* VinylaBoxLevelDesignTests.swift */,
				559148702720678D0081DCFD /* VinylaSearchTests.swift */,
				5544D58926B14B49003659C6 /* Info.plist */,
				5591489E2722E9080081DCFD /* GetViynlDetailAPITests.swift */,
				55B123ED2758AC3300B14C9B /* GetMyVinylBoxDataTest.swift */,
				555995862797BF31002FA8AC /* SignUpTests.swift */,
				553AE2B1279ED0FC00A2655B /* NetworkManagerTests.swift */,
				55932FC927ACC0BD006B2DFF /* SignInTests.swift */,
			);
			path = VinylaTests;
			sourceTree = "<group>";
		};
		5544D5AD26B30E77003659C6 /* AddInformation */ = {
			isa = PBXGroup;
			children = (
				55DF4112280BD2A4009973BB /* POPUPView */,
				5544D62426BD1841003659C6 /* AddInformationViewController.swift */,
				5544D62A26BD184B003659C6 /* AddInformation.storyboard */,
				5544D62E26BD187C003659C6 /* AddInformationViewModel.swift */,
				55592C1F26C4BC0B00F85A9A /* AlbumSongListTableViewCell.swift */,
				55592C2026C4BC0B00F85A9A /* AlbumSongListTableViewCell.xib */,
			);
			path = AddInformation;
			sourceTree = "<group>";
		};
		5544D5AE26B30E85003659C6 /* AddReview */ = {
			isa = PBXGroup;
			children = (
				5544D5AF26B30ED0003659C6 /* AddReview.storyboard */,
				5544D5B526B30EE7003659C6 /* AddReviewViewController.swift */,
				5544D60B26BBF227003659C6 /* AddReviewViewModel.swift */,
			);
			path = AddReview;
			sourceTree = "<group>";
		};
		5544D62326BD170F003659C6 /* DeleteInformation */ = {
			isa = PBXGroup;
			children = (
				55592C5026C8D34300F85A9A /* DeleteInformationViewController.swift */,
				55592C5426C8D34D00F85A9A /* DeleteInformation.storyboard */,
				5555A01626CCE64100477DBE /* DeleteInformationViewModel.swift */,
			);
			path = DeleteInformation;
			sourceTree = "<group>";
		};
		5544D63226BD43A5003659C6 /* CoreData */ = {
			isa = PBXGroup;
			children = (
				5544D63326BD43C4003659C6 /* CoreDataManager.swift */,
				5544D63726BD4517003659C6 /* MainFavoriteModel.xcdatamodeld */,
			);
			path = CoreData;
			sourceTree = "<group>";
		};
		55592C2526C4C45400F85A9A /* AppCoordinator */ = {
			isa = PBXGroup;
			children = (
				5544D5C426B52D07003659C6 /* AppCoordinator.swift */,
			);
			path = AppCoordinator;
			sourceTree = "<group>";
		};
		558383C426D8ABDA0019977A /* Network */ = {
			isa = PBXGroup;
			children = (
				5591487D272151D40081DCFD /* MockJson */,
				559148762721213E0081DCFD /* MockAPIService */,
				558383C526D8AC0C0019977A /* APITarget.swift */,
				558383CB26D8B0A00019977A /* APIService.swift */,
				55FFBAC6279BB58700DB71EC /* ServerHost.swift */,
				55920177279BFFFC00E13D12 /* CommonNetworkManager.swift */,
				55932FBF27AAC879006B2DFF /* NetworkErrorHandling.swift */,
			);
			path = Network;
			sourceTree = "<group>";
		};
		558383E926DB9B5D0019977A /* LevelDesign */ = {
			isa = PBXGroup;
			children = (
				558383EA26DB9B9D0019977A /* LevelDesignViewController.swift */,
				558383F026DB9BB20019977A /* LevelDesign.storyboard */,
				558383F426DB9BD30019977A /* LevelDesignViewModel.swift */,
				5583840226DBA2610019977A /* LevelDesignTableViewCell.swift */,
			);
			path = LevelDesign;
			sourceTree = "<group>";
		};
		559148762721213E0081DCFD /* MockAPIService */ = {
			isa = PBXGroup;
			children = (
				559148772721216B0081DCFD /* MockAPIService.swift */,
			);
			path = MockAPIService;
			sourceTree = "<group>";
		};
		5591487D272151D40081DCFD /* MockJson */ = {
			isa = PBXGroup;
			children = (
				5591487E272151EF0081DCFD /* SearchMockData.json */,
				559148962722E6130081DCFD /* VinylDetailMockData.json */,
				55B123E52758A56E00B14C9B /* VinylBoxMockData.json */,
			);
			path = MockJson;
			sourceTree = "<group>";
		};
		55932FCD27AED4FF006B2DFF /* User */ = {
			isa = PBXGroup;
			children = (
				55932FCE27AED510006B2DFF /* UserDefaultsKey.swift */,
				DF6A37F7281D01E20011E39D /* VinylaUserManager.swift */,
				DF6A37F9281D01F90011E39D /* UserDefaultWrapper.swift */,
			);
			path = User;
			sourceTree = "<group>";
		};
		5599C77F26DCDB1D008F8FDF /* NSChache */ = {
			isa = PBXGroup;
			children = (
				5599C77926DCD510008F8FDF /* NSCacheManager.swift */,
				5599C77526DCD3D8008F8FDF /* ImageView+NSCache.swift */,
			);
			path = NSChache;
			sourceTree = "<group>";
		};
		5599C7AA26DD717E008F8FDF /* Font */ = {
			isa = PBXGroup;
			children = (
				5599C7AB26DD71A0008F8FDF /* Playball-Regular.ttf */,
				5599C7B126DD71CB008F8FDF /* NotoSansKR-Bold.otf */,
				5599C7AF26DD71CA008F8FDF /* NotoSansKR-Medium.otf */,
				5599C7B026DD71CA008F8FDF /* NotoSansKR-Regular.otf */,
			);
			path = Font;
			sourceTree = "<group>";
		};
		5599C7B726DD776F008F8FDF /* RequestUserViynl */ = {
			isa = PBXGroup;
			children = (
				5599C7B826DD77A7008F8FDF /* RequestUserVinyl.storyboard */,
				5599C7BC26DD77D1008F8FDF /* RequestUserVinylViewController.swift */,
				5536083726E1309A00761CFF /* RequestUserVinylViewModel.swift */,
			);
			path = RequestUserViynl;
			sourceTree = "<group>";
		};
		55A394D6274CCD990030867F /* ServiceInformation */ = {
			isa = PBXGroup;
			children = (
				55A394DB274CCE1D0030867F /* ServiceInformationViewController.swift */,
				55A394DC274CCE1D0030867F /* ServiceInformationViewController.xib */,
				DF99C21B2872EA7F007D591B /* ServiceInformationModel.swift */,
				DF99C21F2872EA9D007D591B /* PrivacyInformationModel.swift */,
				DF99C21D2872EA8E007D591B /* MarketingModel.swift */,
			);
			path = ServiceInformation;
			sourceTree = "<group>";
		};
		55DE859F26CF8C9300E1C8DD /* BlurCircleView */ = {
			isa = PBXGroup;
			children = (
				5544D64C26C0347D003659C6 /* BlurCircleView.xib */,
				5544D65026C037C2003659C6 /* BlurCircleView.swift */,
			);
			path = BlurCircleView;
			sourceTree = "<group>";
		};
		55DF4112280BD2A4009973BB /* POPUPView */ = {
			isa = PBXGroup;
			children = (
				55DF4113280BD3A5009973BB /* FavoriteVinylPOPUPViewController.swift */,
				55DF4114280BD3A5009973BB /* FavoriteVinylPOPUPViewController.xib */,
			);
			path = POPUPView;
			sourceTree = "<group>";
		};
		649E839C7315FE65D2FD9EBB /* Pods */ = {
			isa = PBXGroup;
			children = (
				CA52B686E1BC593B06669BEF /* Pods-Vinyla.debug.xcconfig */,
				36D17E3E9541DE181DC65957 /* Pods-Vinyla.release.xcconfig */,
				B2783404AFAA911197F635AE /* Pods-VinylaTests.debug.xcconfig */,
				B09779923C11442C10F91434 /* Pods-VinylaTests.release.xcconfig */,
			);
			path = Pods;
			sourceTree = "<group>";
		};
		DF5736BD2843259B00970B6C /* Notifications */ = {
			isa = PBXGroup;
			children = (
				DF5736BE284325BF00970B6C /* NotificationCenterManager.swift */,
			);
			path = Notifications;
			sourceTree = "<group>";
		};
		DF6A37E8281A60940011E39D /* MyPage */ = {
			isa = PBXGroup;
			children = (
				DF6A37E9281A60B90011E39D /* MyPageViewController.swift */,
				DF6A37EA281A60B90011E39D /* MyPageViewController.xib */,
				DF6A37ED281A6EBC0011E39D /* MyPageViewModel.swift */,
			);
			path = MyPage;
			sourceTree = "<group>";
		};
		DF6F4F9B2826A4DE007316C8 /* Withdraw */ = {
			isa = PBXGroup;
			children = (
				DF6F4F9C2826A4EB007316C8 /* WithdrawViewController.swift */,
				DF6F4F9D2826A4EB007316C8 /* WithdrawViewController.xib */,
				DF6F4FA02826A529007316C8 /* WithdrawViewModel.swift */,
			);
			path = Withdraw;
			sourceTree = "<group>";
		};
		DF6F4FB8283370C2007316C8 /* Toast */ = {
			isa = PBXGroup;
			children = (
				DF6F4FB9283370CC007316C8 /* SwiftToast.swift */,
			);
			path = Toast;
			sourceTree = "<group>";
		};
		E76915B2D0D870AF48EB166B /* Frameworks */ = {
			isa = PBXGroup;
			children = (
				B0BE351CE732228BCB69A279 /* Pods_Vinyla.framework */,
				52A0A3360911239F5AD9A90C /* Pods_VinylaTests.framework */,
			);
			name = Frameworks;
			sourceTree = "<group>";
		};
/* End PBXGroup section */

/* Begin PBXNativeTarget section */
		5541DD35268838FB00970794 /* Vinyla */ = {
			isa = PBXNativeTarget;
			buildConfigurationList = 5541DD4A2688390800970794 /* Build configuration list for PBXNativeTarget "Vinyla" */;
			buildPhases = (
				568D8E21AA556EC3E793DD1B /* [CP] Check Pods Manifest.lock */,
				5541DD32268838FB00970794 /* Sources */,
				5541DD33268838FB00970794 /* Frameworks */,
				5541DD34268838FB00970794 /* Resources */,
				E7AEAECC90CEA18C3420E93E /* [CP] Embed Pods Frameworks */,
				DF4B64D3285DFB4800FD79E4 /* Firebase Crashlytics */,
			);
			buildRules = (
			);
			dependencies = (
			);
			name = Vinyla;
			packageProductDependencies = (
				DF4B64CF285A124D00FD79E4 /* Instructions */,
			);
			productName = Vinyla;
			productReference = 5541DD36268838FB00970794 /* Vinyla.app */;
			productType = "com.apple.product-type.application";
		};
		5544D58426B14B49003659C6 /* VinylaTests */ = {
			isa = PBXNativeTarget;
			buildConfigurationList = 5544D58C26B14B49003659C6 /* Build configuration list for PBXNativeTarget "VinylaTests" */;
			buildPhases = (
				FA4233B7E4903743F2035369 /* [CP] Check Pods Manifest.lock */,
				5544D58126B14B49003659C6 /* Sources */,
				5544D58226B14B49003659C6 /* Frameworks */,
				5544D58326B14B49003659C6 /* Resources */,
			);
			buildRules = (
			);
			dependencies = (
				5544D58B26B14B49003659C6 /* PBXTargetDependency */,
			);
			name = VinylaTests;
			productName = VinylaTests;
			productReference = 5544D58526B14B49003659C6 /* VinylaTests.xctest */;
			productType = "com.apple.product-type.bundle.unit-test";
		};
/* End PBXNativeTarget section */

/* Begin PBXProject section */
		5541DD2E268838FB00970794 /* Project object */ = {
			isa = PBXProject;
			attributes = {
				LastSwiftUpdateCheck = 1240;
				LastUpgradeCheck = 1240;
				TargetAttributes = {
					5541DD35268838FB00970794 = {
						CreatedOnToolsVersion = 12.4;
					};
					5544D58426B14B49003659C6 = {
						CreatedOnToolsVersion = 12.4;
						TestTargetID = 5541DD35268838FB00970794;
					};
				};
			};
			buildConfigurationList = 5541DD31268838FB00970794 /* Build configuration list for PBXProject "Vinyla" */;
			compatibilityVersion = "Xcode 9.3";
			developmentRegion = en;
			hasScannedForEncodings = 0;
			knownRegions = (
				en,
				Base,
			);
			mainGroup = 5541DD2D268838FB00970794;
			packageReferences = (
				DF4B64CE285A124D00FD79E4 /* XCRemoteSwiftPackageReference "Instructions" */,
			);
			productRefGroup = 5541DD37268838FB00970794 /* Products */;
			projectDirPath = "";
			projectRoot = "";
			targets = (
				5541DD35268838FB00970794 /* Vinyla */,
				5544D58426B14B49003659C6 /* VinylaTests */,
			);
		};
/* End PBXProject section */

/* Begin PBXResourcesBuildPhase section */
		5541DD34268838FB00970794 /* Resources */ = {
			isa = PBXResourcesBuildPhase;
			buildActionMask = 2147483647;
			files = (
				5599C7B926DD77A7008F8FDF /* RequestUserVinyl.storyboard in Resources */,
				559148972722E6130081DCFD /* VinylDetailMockData.json in Resources */,
				5591487F272151EF0081DCFD /* SearchMockData.json in Resources */,
				5541DD7526AE955B00970794 /* VinylBox.storyboard in Resources */,
				5599C7B426DD71CB008F8FDF /* NotoSansKR-Bold.otf in Resources */,
				DF6A37EC281A60B90011E39D /* MyPageViewController.xib in Resources */,
				5541DD6A26AD5C9100970794 /* Search.storyboard in Resources */,
				55DF4116280BD3A5009973BB /* FavoriteVinylPOPUPViewController.xib in Resources */,
				55592C0C26C2876900F85A9A /* PagingCollectionViewCell.xib in Resources */,
				5544D5B026B30ED0003659C6 /* AddReview.storyboard in Resources */,
				5544D62B26BD184B003659C6 /* AddInformation.storyboard in Resources */,
				55592C2226C4BC0B00F85A9A /* AlbumSongListTableViewCell.xib in Resources */,
				5544D5A126B1BFEF003659C6 /* SearchTableViewCell.xib in Resources */,
				5541DD462688390800970794 /* LaunchScreen.storyboard in Resources */,
				558383F126DB9BB20019977A /* LevelDesign.storyboard in Resources */,
				DF5736BC2839CCA300970B6C /* GoogleService-Info.plist in Resources */,
				5541DD432688390800970794 /* Assets.xcassets in Resources */,
				55592C1826C409B700F85A9A /* RecentVinylCollectionViewCell.xib in Resources */,
				5599C7B226DD71CB008F8FDF /* NotoSansKR-Medium.otf in Resources */,
				DF6F4F9F2826A4EB007316C8 /* WithdrawViewController.xib in Resources */,
				55A394DE274CCE1D0030867F /* ServiceInformationViewController.xib in Resources */,
				5541DD66269AD4F000970794 /* HomeStoryboard.storyboard in Resources */,
				5541DD5026883A6800970794 /* LogInViewStoryBoard.storyboard in Resources */,
				55B123E62758A56E00B14C9B /* VinylBoxMockData.json in Resources */,
				5599C7B326DD71CB008F8FDF /* NotoSansKR-Regular.otf in Resources */,
				55592C5526C8D34D00F85A9A /* DeleteInformation.storyboard in Resources */,
				5544D64D26C0347D003659C6 /* BlurCircleView.xib in Resources */,
				5541DD5B269AD35F00970794 /* SignUp.storyboard in Resources */,
				55DF410F27FB2CA3009973BB /* EmptyGuideView.xib in Resources */,
				5599C7AC26DD71A0008F8FDF /* Playball-Regular.ttf in Resources */,
				5544D5AA26B3038E003659C6 /* VinylBoxCollectionViewCell.xib in Resources */,
			);
			runOnlyForDeploymentPostprocessing = 0;
		};
		5544D58326B14B49003659C6 /* Resources */ = {
			isa = PBXResourcesBuildPhase;
			buildActionMask = 2147483647;
			files = (
			);
			runOnlyForDeploymentPostprocessing = 0;
		};
/* End PBXResourcesBuildPhase section */

/* Begin PBXShellScriptBuildPhase section */
		568D8E21AA556EC3E793DD1B /* [CP] Check Pods Manifest.lock */ = {
			isa = PBXShellScriptBuildPhase;
			buildActionMask = 2147483647;
			files = (
			);
			inputFileListPaths = (
			);
			inputPaths = (
				"${PODS_PODFILE_DIR_PATH}/Podfile.lock",
				"${PODS_ROOT}/Manifest.lock",
			);
			name = "[CP] Check Pods Manifest.lock";
			outputFileListPaths = (
			);
			outputPaths = (
				"$(DERIVED_FILE_DIR)/Pods-Vinyla-checkManifestLockResult.txt",
			);
			runOnlyForDeploymentPostprocessing = 0;
			shellPath = /bin/sh;
			shellScript = "diff \"${PODS_PODFILE_DIR_PATH}/Podfile.lock\" \"${PODS_ROOT}/Manifest.lock\" > /dev/null\nif [ $? != 0 ] ; then\n    # print error to STDERR\n    echo \"error: The sandbox is not in sync with the Podfile.lock. Run 'pod install' or update your CocoaPods installation.\" >&2\n    exit 1\nfi\n# This output is used by Xcode 'outputs' to avoid re-running this script phase.\necho \"SUCCESS\" > \"${SCRIPT_OUTPUT_FILE_0}\"\n";
			showEnvVarsInLog = 0;
		};
		DF4B64D3285DFB4800FD79E4 /* Firebase Crashlytics */ = {
			isa = PBXShellScriptBuildPhase;
			buildActionMask = 2147483647;
			files = (
			);
			inputFileListPaths = (
			);
			inputPaths = (
			);
			name = "Firebase Crashlytics";
			outputFileListPaths = (
			);
			outputPaths = (
			);
			runOnlyForDeploymentPostprocessing = 0;
			shellPath = /bin/sh;
			shellScript = "if [ \"${CONFIGURATION}\" != \"Debug\" ]; then\n    \"${PODS_ROOT}/FirebaseCrashlytics/run\"\n    \"${PODS_ROOT}/FirebaseCrashlytics/upload-symbols\" -gsp ${BUILT_PRODUCTS_DIR}/${PRODUCT_NAME}.app/GoogleService-Info.plist -p ios ${DWARF_DSYM_FOLDER_PATH}/${DWARF_DSYM_FILE_NAME}\nfi\n";
		};
		E7AEAECC90CEA18C3420E93E /* [CP] Embed Pods Frameworks */ = {
			isa = PBXShellScriptBuildPhase;
			buildActionMask = 2147483647;
			files = (
			);
			inputFileListPaths = (
				"${PODS_ROOT}/Target Support Files/Pods-Vinyla/Pods-Vinyla-frameworks-${CONFIGURATION}-input-files.xcfilelist",
			);
			name = "[CP] Embed Pods Frameworks";
			outputFileListPaths = (
				"${PODS_ROOT}/Target Support Files/Pods-Vinyla/Pods-Vinyla-frameworks-${CONFIGURATION}-output-files.xcfilelist",
			);
			runOnlyForDeploymentPostprocessing = 0;
			shellPath = /bin/sh;
			shellScript = "\"${PODS_ROOT}/Target Support Files/Pods-Vinyla/Pods-Vinyla-frameworks.sh\"\n";
			showEnvVarsInLog = 0;
		};
		FA4233B7E4903743F2035369 /* [CP] Check Pods Manifest.lock */ = {
			isa = PBXShellScriptBuildPhase;
			buildActionMask = 2147483647;
			files = (
			);
			inputFileListPaths = (
			);
			inputPaths = (
				"${PODS_PODFILE_DIR_PATH}/Podfile.lock",
				"${PODS_ROOT}/Manifest.lock",
			);
			name = "[CP] Check Pods Manifest.lock";
			outputFileListPaths = (
			);
			outputPaths = (
				"$(DERIVED_FILE_DIR)/Pods-VinylaTests-checkManifestLockResult.txt",
			);
			runOnlyForDeploymentPostprocessing = 0;
			shellPath = /bin/sh;
			shellScript = "diff \"${PODS_PODFILE_DIR_PATH}/Podfile.lock\" \"${PODS_ROOT}/Manifest.lock\" > /dev/null\nif [ $? != 0 ] ; then\n    # print error to STDERR\n    echo \"error: The sandbox is not in sync with the Podfile.lock. Run 'pod install' or update your CocoaPods installation.\" >&2\n    exit 1\nfi\n# This output is used by Xcode 'outputs' to avoid re-running this script phase.\necho \"SUCCESS\" > \"${SCRIPT_OUTPUT_FILE_0}\"\n";
			showEnvVarsInLog = 0;
		};
/* End PBXShellScriptBuildPhase section */

/* Begin PBXSourcesBuildPhase section */
		5541DD32268838FB00970794 /* Sources */ = {
			isa = PBXSourcesBuildPhase;
			buildActionMask = 2147483647;
			files = (
				5544D64526BEA8A0003659C6 /* VinylBoxModel.swift in Sources */,
				5544D60226BBDFA9003659C6 /* HomeViewModel.swift in Sources */,
				5541DD5326883AF500970794 /* LogInViewController.swift in Sources */,
				DF99C21C2872EA7F007D591B /* ServiceInformationModel.swift in Sources */,
				5599C77A26DCD510008F8FDF /* NSCacheManager.swift in Sources */,
				5544D65126C037C2003659C6 /* BlurCircleView.swift in Sources */,
				55DF411127FB3309009973BB /* EmptyGuideView.swift in Sources */,
				55932FC627ACB858006B2DFF /* SignInModel.swift in Sources */,
				5541DD7126AE955100970794 /* VinylBoxViewController.swift in Sources */,
				55592C1726C409B700F85A9A /* RecentVinylCollectionViewCell.swift in Sources */,
				55B124172758C4FC00B14C9B /* UIViewController+LoadingIndicator.swift in Sources */,
				558383EB26DB9B9D0019977A /* LevelDesignViewController.swift in Sources */,
				55DF4118280BDFC2009973BB /* MyVinylModel.swift in Sources */,
				55A394DD274CCE1D0030867F /* ServiceInformationViewController.swift in Sources */,
				55FFBAC7279BB58700DB71EC /* ServerHost.swift in Sources */,
				5541DD6D26AD5CDA00970794 /* SearchViewController.swift in Sources */,
				5599C78526DCF744008F8FDF /* LevelDesignModel.swift in Sources */,
				DF6F4F9E2826A4EB007316C8 /* WithdrawViewController.swift in Sources */,
				5544D63926BD4517003659C6 /* MainFavoriteModel.xcdatamodeld in Sources */,
				5544D5B626B30EE7003659C6 /* AddReviewViewController.swift in Sources */,
				DF6A37FC281D3C250011E39D /* UIButton+.swift in Sources */,
				DF6F4FA52826C242007316C8 /* MarketingSubscribedModel.swift in Sources */,
				DF6F4FBA283370CC007316C8 /* SwiftToast.swift in Sources */,
				5544D5FC26BBDE13003659C6 /* LogInViewModel.swift in Sources */,
				55592C2126C4BC0B00F85A9A /* AlbumSongListTableViewCell.swift in Sources */,
				558383D026D8B1C60019977A /* SearchModel.swift in Sources */,
				55932FC027AAC879006B2DFF /* NetworkErrorHandling.swift in Sources */,
				5544D60626BBE855003659C6 /* SearchViewModel.swift in Sources */,
				5541DD7826AF0DFF00970794 /* SignUpModel.swift in Sources */,
				DF99C2202872EA9D007D591B /* PrivacyInformationModel.swift in Sources */,
				558383C626D8AC0C0019977A /* APITarget.swift in Sources */,
				5544D63426BD43C4003659C6 /* CoreDataManager.swift in Sources */,
				558383DE26D92E490019977A /* MovieModel.swift in Sources */,
				5591489B2722E6620081DCFD /* VinylInformation.swift in Sources */,
				5599C7BD26DD77D1008F8FDF /* RequestUserVinylViewController.swift in Sources */,
				5555A01726CCE64100477DBE /* DeleteInformationViewModel.swift in Sources */,
				558383F526DB9BD30019977A /* LevelDesignViewModel.swift in Sources */,
				5544D57A26B14538003659C6 /* DIContainer.swift in Sources */,
				5541DD3A268838FB00970794 /* AppDelegate.swift in Sources */,
				5536083826E1309A00761CFF /* RequestUserVinylViewModel.swift in Sources */,
				55592C0B26C2876900F85A9A /* PagingCollectionViewCell.swift in Sources */,
				5541DD3C268838FB00970794 /* SceneDelegate.swift in Sources */,
				5544D5A926B3038E003659C6 /* VinylBoxCollectionViewCell.swift in Sources */,
				DF99C21E2872EA8E007D591B /* MarketingModel.swift in Sources */,
				5544D62526BD1841003659C6 /* AddInformationViewController.swift in Sources */,
				DF6A37F8281D01E20011E39D /* VinylaUserManager.swift in Sources */,
				55DF4115280BD3A5009973BB /* FavoriteVinylPOPUPViewController.swift in Sources */,
				55DE859426CEB81600E1C8DD /* UIColor+Extension.swift in Sources */,
				DF6A37F4281AB6E50011E39D /* UploadUserVinylModel.swift in Sources */,
				5599C77626DCD3D8008F8FDF /* ImageView+NSCache.swift in Sources */,
				5555A00A26CAB7A900477DBE /* AddInformationModel.swift in Sources */,
				DF6A37E72813CBA50011E39D /* CheckHomeInformation.swift in Sources */,
				5583840D26DBC1650019977A /* UIView+Gradient.swift in Sources */,
				DF6F4FA12826A529007316C8 /* WithdrawViewModel.swift in Sources */,
				55932FCF27AED510006B2DFF /* UserDefaultsKey.swift in Sources */,
				5583840326DBA2610019977A /* LevelDesignTableViewCell.swift in Sources */,
				5544D64926BEBB9F003659C6 /* DownScaleImage.swift in Sources */,
				5561CD3E2791A7CB0087DED6 /* NickNameCheckModel.swift in Sources */,
				559148782721216B0081DCFD /* MockAPIService.swift in Sources */,
				55F5965427DDA13600F120AF /* SaveVinylModel.swift in Sources */,
				5544D5A026B1BFEF003659C6 /* SearchTableViewCell.swift in Sources */,
				5541DD5E269AD36800970794 /* SignUpViewController.swift in Sources */,
				5544D62F26BD187C003659C6 /* AddInformationViewModel.swift in Sources */,
				DF6A37EE281A6EBC0011E39D /* MyPageViewModel.swift in Sources */,
				DF5736BF284325BF00970B6C /* NotificationCenterManager.swift in Sources */,
				55DF410327F8921F009973BB /* DeleteVinylModel.swift in Sources */,
				55B123EA2758A73800B14C9B /* MyVinylBoxModel.swift in Sources */,
				55592C5126C8D34300F85A9A /* DeleteInformationViewController.swift in Sources */,
				5541DD62269AD4E800970794 /* HomeViewController.swift in Sources */,
				5544D5C526B52D07003659C6 /* AppCoordinator.swift in Sources */,
				5544D57626B13E4E003659C6 /* SignUpViewModel.swift in Sources */,
				5544D61226BC07DA003659C6 /* VinylBoxViewModel.swift in Sources */,
				5544D60C26BBF227003659C6 /* AddReviewViewModel.swift in Sources */,
				DF6A37EB281A60B90011E39D /* MyPageViewController.swift in Sources */,
				55920178279BFFFC00E13D12 /* CommonNetworkManager.swift in Sources */,
				DF390012287F0F4E00D52372 /* AppStoreSupport.swift in Sources */,
				DF6A37FA281D01F90011E39D /* UserDefaultWrapper.swift in Sources */,
				559148A3272591820081DCFD /* AddReviewModel.swift in Sources */,
				558383CC26D8B0A00019977A /* APIService.swift in Sources */,
				5541DD7C26AF113700970794 /* TextFieldPadding.swift in Sources */,
			);
			runOnlyForDeploymentPostprocessing = 0;
		};
		5544D58126B14B49003659C6 /* Sources */ = {
			isa = PBXSourcesBuildPhase;
			buildActionMask = 2147483647;
			files = (
				553AE2B2279ED0FC00A2655B /* NetworkManagerTests.swift in Sources */,
				559148712720678D0081DCFD /* VinylaSearchTests.swift in Sources */,
				55B123EE2758AC3300B14C9B /* GetMyVinylBoxDataTest.swift in Sources */,
				555995872797BF31002FA8AC /* SignUpTests.swift in Sources */,
				55932FCA27ACC0BD006B2DFF /* SignInTests.swift in Sources */,
				5591489F2722E9080081DCFD /* GetViynlDetailAPITests.swift in Sources */,
				5544D58826B14B49003659C6 /* VinylaBoxLevelDesignTests.swift in Sources */,
			);
			runOnlyForDeploymentPostprocessing = 0;
		};
/* End PBXSourcesBuildPhase section */

/* Begin PBXTargetDependency section */
		5544D58B26B14B49003659C6 /* PBXTargetDependency */ = {
			isa = PBXTargetDependency;
			target = 5541DD35268838FB00970794 /* Vinyla */;
			targetProxy = 5544D58A26B14B49003659C6 /* PBXContainerItemProxy */;
		};
/* End PBXTargetDependency section */

/* Begin PBXVariantGroup section */
		5541DD442688390800970794 /* LaunchScreen.storyboard */ = {
			isa = PBXVariantGroup;
			children = (
				5541DD452688390800970794 /* Base */,
			);
			name = LaunchScreen.storyboard;
			sourceTree = "<group>";
		};
/* End PBXVariantGroup section */

/* Begin XCBuildConfiguration section */
		5541DD482688390800970794 /* Debug */ = {
			isa = XCBuildConfiguration;
			buildSettings = {
				ALWAYS_SEARCH_USER_PATHS = NO;
				CLANG_ANALYZER_NONNULL = YES;
				CLANG_ANALYZER_NUMBER_OBJECT_CONVERSION = YES_AGGRESSIVE;
				CLANG_CXX_LANGUAGE_STANDARD = "gnu++14";
				CLANG_CXX_LIBRARY = "libc++";
				CLANG_ENABLE_MODULES = YES;
				CLANG_ENABLE_OBJC_ARC = YES;
				CLANG_ENABLE_OBJC_WEAK = YES;
				CLANG_WARN_BLOCK_CAPTURE_AUTORELEASING = YES;
				CLANG_WARN_BOOL_CONVERSION = YES;
				CLANG_WARN_COMMA = YES;
				CLANG_WARN_CONSTANT_CONVERSION = YES;
				CLANG_WARN_DEPRECATED_OBJC_IMPLEMENTATIONS = YES;
				CLANG_WARN_DIRECT_OBJC_ISA_USAGE = YES_ERROR;
				CLANG_WARN_DOCUMENTATION_COMMENTS = YES;
				CLANG_WARN_EMPTY_BODY = YES;
				CLANG_WARN_ENUM_CONVERSION = YES;
				CLANG_WARN_INFINITE_RECURSION = YES;
				CLANG_WARN_INT_CONVERSION = YES;
				CLANG_WARN_NON_LITERAL_NULL_CONVERSION = YES;
				CLANG_WARN_OBJC_IMPLICIT_RETAIN_SELF = YES;
				CLANG_WARN_OBJC_LITERAL_CONVERSION = YES;
				CLANG_WARN_OBJC_ROOT_CLASS = YES_ERROR;
				CLANG_WARN_QUOTED_INCLUDE_IN_FRAMEWORK_HEADER = YES;
				CLANG_WARN_RANGE_LOOP_ANALYSIS = YES;
				CLANG_WARN_STRICT_PROTOTYPES = YES;
				CLANG_WARN_SUSPICIOUS_MOVE = YES;
				CLANG_WARN_UNGUARDED_AVAILABILITY = YES_AGGRESSIVE;
				CLANG_WARN_UNREACHABLE_CODE = YES;
				CLANG_WARN__DUPLICATE_METHOD_MATCH = YES;
				COPY_PHASE_STRIP = NO;
				DEBUG_INFORMATION_FORMAT = "dwarf-with-dsym";
				ENABLE_STRICT_OBJC_MSGSEND = YES;
				ENABLE_TESTABILITY = YES;
				GCC_C_LANGUAGE_STANDARD = gnu11;
				GCC_DYNAMIC_NO_PIC = NO;
				GCC_NO_COMMON_BLOCKS = YES;
				GCC_OPTIMIZATION_LEVEL = 0;
				GCC_PREPROCESSOR_DEFINITIONS = (
					"DEBUG=1",
					"$(inherited)",
				);
				GCC_WARN_64_TO_32_BIT_CONVERSION = YES;
				GCC_WARN_ABOUT_RETURN_TYPE = YES_ERROR;
				GCC_WARN_UNDECLARED_SELECTOR = YES;
				GCC_WARN_UNINITIALIZED_AUTOS = YES_AGGRESSIVE;
				GCC_WARN_UNUSED_FUNCTION = YES;
				GCC_WARN_UNUSED_VARIABLE = YES;
				IPHONEOS_DEPLOYMENT_TARGET = 13.0;
				MTL_ENABLE_DEBUG_INFO = INCLUDE_SOURCE;
				MTL_FAST_MATH = YES;
				ONLY_ACTIVE_ARCH = YES;
				SDKROOT = iphoneos;
				SWIFT_ACTIVE_COMPILATION_CONDITIONS = DEBUG;
				SWIFT_OPTIMIZATION_LEVEL = "-Onone";
			};
			name = Debug;
		};
		5541DD492688390800970794 /* Release */ = {
			isa = XCBuildConfiguration;
			buildSettings = {
				ALWAYS_SEARCH_USER_PATHS = NO;
				CLANG_ANALYZER_NONNULL = YES;
				CLANG_ANALYZER_NUMBER_OBJECT_CONVERSION = YES_AGGRESSIVE;
				CLANG_CXX_LANGUAGE_STANDARD = "gnu++14";
				CLANG_CXX_LIBRARY = "libc++";
				CLANG_ENABLE_MODULES = YES;
				CLANG_ENABLE_OBJC_ARC = YES;
				CLANG_ENABLE_OBJC_WEAK = YES;
				CLANG_WARN_BLOCK_CAPTURE_AUTORELEASING = YES;
				CLANG_WARN_BOOL_CONVERSION = YES;
				CLANG_WARN_COMMA = YES;
				CLANG_WARN_CONSTANT_CONVERSION = YES;
				CLANG_WARN_DEPRECATED_OBJC_IMPLEMENTATIONS = YES;
				CLANG_WARN_DIRECT_OBJC_ISA_USAGE = YES_ERROR;
				CLANG_WARN_DOCUMENTATION_COMMENTS = YES;
				CLANG_WARN_EMPTY_BODY = YES;
				CLANG_WARN_ENUM_CONVERSION = YES;
				CLANG_WARN_INFINITE_RECURSION = YES;
				CLANG_WARN_INT_CONVERSION = YES;
				CLANG_WARN_NON_LITERAL_NULL_CONVERSION = YES;
				CLANG_WARN_OBJC_IMPLICIT_RETAIN_SELF = YES;
				CLANG_WARN_OBJC_LITERAL_CONVERSION = YES;
				CLANG_WARN_OBJC_ROOT_CLASS = YES_ERROR;
				CLANG_WARN_QUOTED_INCLUDE_IN_FRAMEWORK_HEADER = YES;
				CLANG_WARN_RANGE_LOOP_ANALYSIS = YES;
				CLANG_WARN_STRICT_PROTOTYPES = YES;
				CLANG_WARN_SUSPICIOUS_MOVE = YES;
				CLANG_WARN_UNGUARDED_AVAILABILITY = YES_AGGRESSIVE;
				CLANG_WARN_UNREACHABLE_CODE = YES;
				CLANG_WARN__DUPLICATE_METHOD_MATCH = YES;
				COPY_PHASE_STRIP = NO;
				DEBUG_INFORMATION_FORMAT = "dwarf-with-dsym";
				ENABLE_NS_ASSERTIONS = NO;
				ENABLE_STRICT_OBJC_MSGSEND = YES;
				GCC_C_LANGUAGE_STANDARD = gnu11;
				GCC_NO_COMMON_BLOCKS = YES;
				GCC_WARN_64_TO_32_BIT_CONVERSION = YES;
				GCC_WARN_ABOUT_RETURN_TYPE = YES_ERROR;
				GCC_WARN_UNDECLARED_SELECTOR = YES;
				GCC_WARN_UNINITIALIZED_AUTOS = YES_AGGRESSIVE;
				GCC_WARN_UNUSED_FUNCTION = YES;
				GCC_WARN_UNUSED_VARIABLE = YES;
				IPHONEOS_DEPLOYMENT_TARGET = 13.0;
				MTL_ENABLE_DEBUG_INFO = NO;
				MTL_FAST_MATH = YES;
				SDKROOT = iphoneos;
				SWIFT_COMPILATION_MODE = wholemodule;
				SWIFT_OPTIMIZATION_LEVEL = "-O";
				VALIDATE_PRODUCT = YES;
			};
			name = Release;
		};
		5541DD4B2688390800970794 /* Debug */ = {
			isa = XCBuildConfiguration;
			baseConfigurationReference = CA52B686E1BC593B06669BEF /* Pods-Vinyla.debug.xcconfig */;
			buildSettings = {
				ASSETCATALOG_COMPILER_APPICON_NAME = AppIcon;
				ASSETCATALOG_COMPILER_GLOBAL_ACCENT_COLOR_NAME = AccentColor;
				CODE_SIGN_ENTITLEMENTS = Vinyla/Vinyla.entitlements;
				CODE_SIGN_STYLE = Automatic;
				CURRENT_PROJECT_VERSION = 2;
				DEVELOPMENT_TEAM = PMD54H53GA;
				INFOPLIST_FILE = Vinyla/Info.plist;
				IPHONEOS_DEPLOYMENT_TARGET = 13.0;
				LD_RUNPATH_SEARCH_PATHS = (
					"$(inherited)",
					"@executable_path/Frameworks",
				);
				MARKETING_VERSION = 1.0.1;
				PRODUCT_BUNDLE_IDENTIFIER = com.ij.vinyla;
				PRODUCT_NAME = "$(TARGET_NAME)";
				SWIFT_VERSION = 5.0;
				TARGETED_DEVICE_FAMILY = 1;
			};
			name = Debug;
		};
		5541DD4C2688390800970794 /* Release */ = {
			isa = XCBuildConfiguration;
			baseConfigurationReference = 36D17E3E9541DE181DC65957 /* Pods-Vinyla.release.xcconfig */;
			buildSettings = {
				ASSETCATALOG_COMPILER_APPICON_NAME = AppIcon;
				ASSETCATALOG_COMPILER_GLOBAL_ACCENT_COLOR_NAME = AccentColor;
				CODE_SIGN_ENTITLEMENTS = Vinyla/Vinyla.entitlements;
				CODE_SIGN_STYLE = Automatic;
				CURRENT_PROJECT_VERSION = 2;
				DEVELOPMENT_TEAM = PMD54H53GA;
				INFOPLIST_FILE = Vinyla/Info.plist;
				IPHONEOS_DEPLOYMENT_TARGET = 13.0;
				LD_RUNPATH_SEARCH_PATHS = (
					"$(inherited)",
					"@executable_path/Frameworks",
				);
				MARKETING_VERSION = 1.0.1;
				PRODUCT_BUNDLE_IDENTIFIER = com.ij.vinyla;
				PRODUCT_NAME = "$(TARGET_NAME)";
				SWIFT_VERSION = 5.0;
				TARGETED_DEVICE_FAMILY = 1;
			};
			name = Release;
		};
		5544D58D26B14B49003659C6 /* Debug */ = {
			isa = XCBuildConfiguration;
			baseConfigurationReference = B2783404AFAA911197F635AE /* Pods-VinylaTests.debug.xcconfig */;
			buildSettings = {
				BUNDLE_LOADER = "$(TEST_HOST)";
				CODE_SIGN_STYLE = Automatic;
				DEVELOPMENT_TEAM = PMD54H53GA;
				INFOPLIST_FILE = VinylaTests/Info.plist;
				LD_RUNPATH_SEARCH_PATHS = (
					"$(inherited)",
					"@executable_path/Frameworks",
					"@loader_path/Frameworks",
				);
				PRODUCT_BUNDLE_IDENTIFIER = gamsung.VinylaTests;
				PRODUCT_NAME = "$(TARGET_NAME)";
				SWIFT_VERSION = 5.0;
				TARGETED_DEVICE_FAMILY = "1,2";
				TEST_HOST = "$(BUILT_PRODUCTS_DIR)/Vinyla.app/Vinyla";
			};
			name = Debug;
		};
		5544D58E26B14B49003659C6 /* Release */ = {
			isa = XCBuildConfiguration;
			baseConfigurationReference = B09779923C11442C10F91434 /* Pods-VinylaTests.release.xcconfig */;
			buildSettings = {
				BUNDLE_LOADER = "$(TEST_HOST)";
				CODE_SIGN_STYLE = Automatic;
				DEVELOPMENT_TEAM = PMD54H53GA;
				INFOPLIST_FILE = VinylaTests/Info.plist;
				LD_RUNPATH_SEARCH_PATHS = (
					"$(inherited)",
					"@executable_path/Frameworks",
					"@loader_path/Frameworks",
				);
				PRODUCT_BUNDLE_IDENTIFIER = gamsung.VinylaTests;
				PRODUCT_NAME = "$(TARGET_NAME)";
				SWIFT_VERSION = 5.0;
				TARGETED_DEVICE_FAMILY = "1,2";
				TEST_HOST = "$(BUILT_PRODUCTS_DIR)/Vinyla.app/Vinyla";
			};
			name = Release;
		};
/* End XCBuildConfiguration section */

/* Begin XCConfigurationList section */
		5541DD31268838FB00970794 /* Build configuration list for PBXProject "Vinyla" */ = {
			isa = XCConfigurationList;
			buildConfigurations = (
				5541DD482688390800970794 /* Debug */,
				5541DD492688390800970794 /* Release */,
			);
			defaultConfigurationIsVisible = 0;
			defaultConfigurationName = Release;
		};
		5541DD4A2688390800970794 /* Build configuration list for PBXNativeTarget "Vinyla" */ = {
			isa = XCConfigurationList;
			buildConfigurations = (
				5541DD4B2688390800970794 /* Debug */,
				5541DD4C2688390800970794 /* Release */,
			);
			defaultConfigurationIsVisible = 0;
			defaultConfigurationName = Release;
		};
		5544D58C26B14B49003659C6 /* Build configuration list for PBXNativeTarget "VinylaTests" */ = {
			isa = XCConfigurationList;
			buildConfigurations = (
				5544D58D26B14B49003659C6 /* Debug */,
				5544D58E26B14B49003659C6 /* Release */,
			);
			defaultConfigurationIsVisible = 0;
			defaultConfigurationName = Release;
		};
/* End XCConfigurationList section */

/* Begin XCRemoteSwiftPackageReference section */
		DF4B64CE285A124D00FD79E4 /* XCRemoteSwiftPackageReference "Instructions" */ = {
			isa = XCRemoteSwiftPackageReference;
			repositoryURL = "https://github.com/ephread/Instructions";
			requirement = {
				kind = upToNextMajorVersion;
				minimumVersion = 2.0.0;
			};
		};
/* End XCRemoteSwiftPackageReference section */

/* Begin XCSwiftPackageProductDependency section */
		DF4B64CF285A124D00FD79E4 /* Instructions */ = {
			isa = XCSwiftPackageProductDependency;
			package = DF4B64CE285A124D00FD79E4 /* XCRemoteSwiftPackageReference "Instructions" */;
			productName = Instructions;
		};
/* End XCSwiftPackageProductDependency section */

/* Begin XCVersionGroup section */
		5544D63726BD4517003659C6 /* MainFavoriteModel.xcdatamodeld */ = {
			isa = XCVersionGroup;
			children = (
				5544D63826BD4517003659C6 /* MainFavoriteModel.xcdatamodel */,
			);
			currentVersion = 5544D63826BD4517003659C6 /* MainFavoriteModel.xcdatamodel */;
			path = MainFavoriteModel.xcdatamodeld;
			sourceTree = "<group>";
			versionGroupType = wrapper.xcdatamodel;
		};
/* End XCVersionGroup section */
	};
	rootObject = 5541DD2E268838FB00970794 /* Project object */;
}
