// !$*UTF8*$!
{
	archiveVersion = 1;
	classes = {
	};
	objectVersion = 50;
	objects = {

/* Begin PBXBuildFile section */
		5541DD3A268838FB00970794 /* AppDelegate.swift in Sources */ = {isa = PBXBuildFile; fileRef = 5541DD39268838FB00970794 /* AppDelegate.swift */; };
		5541DD3C268838FB00970794 /* SceneDelegate.swift in Sources */ = {isa = PBXBuildFile; fileRef = 5541DD3B268838FB00970794 /* SceneDelegate.swift */; };
		5541DD3E268838FB00970794 /* ViewController.swift in Sources */ = {isa = PBXBuildFile; fileRef = 5541DD3D268838FB00970794 /* ViewController.swift */; };
		5541DD41268838FB00970794 /* Main.storyboard in Resources */ = {isa = PBXBuildFile; fileRef = 5541DD3F268838FB00970794 /* Main.storyboard */; };
		5541DD432688390800970794 /* Assets.xcassets in Resources */ = {isa = PBXBuildFile; fileRef = 5541DD422688390800970794 /* Assets.xcassets */; };
		5541DD462688390800970794 /* LaunchScreen.storyboard in Resources */ = {isa = PBXBuildFile; fileRef = 5541DD442688390800970794 /* LaunchScreen.storyboard */; };
		5541DD5026883A6800970794 /* LogInViewStoryBoard.storyboard in Resources */ = {isa = PBXBuildFile; fileRef = 5541DD4F26883A6800970794 /* LogInViewStoryBoard.storyboard */; };
		5541DD5326883AF500970794 /* LogInViewController.swift in Sources */ = {isa = PBXBuildFile; fileRef = 5541DD5226883AF500970794 /* LogInViewController.swift */; };
		5541DD5B269AD35F00970794 /* SignUp.storyboard in Resources */ = {isa = PBXBuildFile; fileRef = 5541DD5A269AD35F00970794 /* SignUp.storyboard */; };
		5541DD5E269AD36800970794 /* SignUpViewController.swift in Sources */ = {isa = PBXBuildFile; fileRef = 5541DD5D269AD36800970794 /* SignUpViewController.swift */; };
		5541DD62269AD4E800970794 /* HomeViewController.swift in Sources */ = {isa = PBXBuildFile; fileRef = 5541DD61269AD4E800970794 /* HomeViewController.swift */; };
		5541DD66269AD4F000970794 /* HomeStoryboard.storyboard in Resources */ = {isa = PBXBuildFile; fileRef = 5541DD65269AD4F000970794 /* HomeStoryboard.storyboard */; };
		5541DD6A26AD5C9100970794 /* SearchStoryboard.storyboard in Resources */ = {isa = PBXBuildFile; fileRef = 5541DD6926AD5C9100970794 /* SearchStoryboard.storyboard */; };
		5541DD6D26AD5CDA00970794 /* SearchViewController.swift in Sources */ = {isa = PBXBuildFile; fileRef = 5541DD6C26AD5CDA00970794 /* SearchViewController.swift */; };
		5541DD7126AE955100970794 /* VinylBoxViewController.swift in Sources */ = {isa = PBXBuildFile; fileRef = 5541DD7026AE955100970794 /* VinylBoxViewController.swift */; };
		5541DD7526AE955B00970794 /* VinylBoxStoryboard.storyboard in Resources */ = {isa = PBXBuildFile; fileRef = 5541DD7426AE955B00970794 /* VinylBoxStoryboard.storyboard */; };
		5541DD7826AF0DFF00970794 /* SignUpModel.swift in Sources */ = {isa = PBXBuildFile; fileRef = 5541DD7726AF0DFF00970794 /* SignUpModel.swift */; };
		5541DD7C26AF113700970794 /* TextFieldPadding.swift in Sources */ = {isa = PBXBuildFile; fileRef = 5541DD7B26AF113700970794 /* TextFieldPadding.swift */; };
		5544D57626B13E4E003659C6 /* SignUpViewModel.swift in Sources */ = {isa = PBXBuildFile; fileRef = 5544D57526B13E4E003659C6 /* SignUpViewModel.swift */; };
		5544D57A26B14538003659C6 /* DIContainer.swift in Sources */ = {isa = PBXBuildFile; fileRef = 5544D57926B14538003659C6 /* DIContainer.swift */; };
		5544D58826B14B49003659C6 /* VinylaTests.swift in Sources */ = {isa = PBXBuildFile; fileRef = 5544D58726B14B49003659C6 /* VinylaTests.swift */; };
/* End PBXBuildFile section */

/* Begin PBXContainerItemProxy section */
		5544D58A26B14B49003659C6 /* PBXContainerItemProxy */ = {
			isa = PBXContainerItemProxy;
			containerPortal = 5541DD2E268838FB00970794 /* Project object */;
			proxyType = 1;
			remoteGlobalIDString = 5541DD35268838FB00970794;
			remoteInfo = Vinyla;
		};
/* End PBXContainerItemProxy section */

/* Begin PBXFileReference section */
		5541DD36268838FB00970794 /* Vinyla.app */ = {isa = PBXFileReference; explicitFileType = wrapper.application; includeInIndex = 0; path = Vinyla.app; sourceTree = BUILT_PRODUCTS_DIR; };
		5541DD39268838FB00970794 /* AppDelegate.swift */ = {isa = PBXFileReference; lastKnownFileType = sourcecode.swift; path = AppDelegate.swift; sourceTree = "<group>"; };
		5541DD3B268838FB00970794 /* SceneDelegate.swift */ = {isa = PBXFileReference; lastKnownFileType = sourcecode.swift; path = SceneDelegate.swift; sourceTree = "<group>"; };
		5541DD3D268838FB00970794 /* ViewController.swift */ = {isa = PBXFileReference; lastKnownFileType = sourcecode.swift; path = ViewController.swift; sourceTree = "<group>"; };
		5541DD40268838FB00970794 /* Base */ = {isa = PBXFileReference; lastKnownFileType = file.storyboard; name = Base; path = Base.lproj/Main.storyboard; sourceTree = "<group>"; };
		5541DD422688390800970794 /* Assets.xcassets */ = {isa = PBXFileReference; lastKnownFileType = folder.assetcatalog; path = Assets.xcassets; sourceTree = "<group>"; };
		5541DD452688390800970794 /* Base */ = {isa = PBXFileReference; lastKnownFileType = file.storyboard; name = Base; path = Base.lproj/LaunchScreen.storyboard; sourceTree = "<group>"; };
		5541DD472688390800970794 /* Info.plist */ = {isa = PBXFileReference; lastKnownFileType = text.plist.xml; path = Info.plist; sourceTree = "<group>"; };
		5541DD4F26883A6800970794 /* LogInViewStoryBoard.storyboard */ = {isa = PBXFileReference; lastKnownFileType = file.storyboard; path = LogInViewStoryBoard.storyboard; sourceTree = "<group>"; };
		5541DD5226883AF500970794 /* LogInViewController.swift */ = {isa = PBXFileReference; lastKnownFileType = sourcecode.swift; path = LogInViewController.swift; sourceTree = "<group>"; };
		5541DD5A269AD35F00970794 /* SignUp.storyboard */ = {isa = PBXFileReference; lastKnownFileType = file.storyboard; path = SignUp.storyboard; sourceTree = "<group>"; };
		5541DD5D269AD36800970794 /* SignUpViewController.swift */ = {isa = PBXFileReference; lastKnownFileType = sourcecode.swift; path = SignUpViewController.swift; sourceTree = "<group>"; };
		5541DD61269AD4E800970794 /* HomeViewController.swift */ = {isa = PBXFileReference; lastKnownFileType = sourcecode.swift; path = HomeViewController.swift; sourceTree = "<group>"; };
		5541DD65269AD4F000970794 /* HomeStoryboard.storyboard */ = {isa = PBXFileReference; lastKnownFileType = file.storyboard; path = HomeStoryboard.storyboard; sourceTree = "<group>"; };
		5541DD6926AD5C9100970794 /* SearchStoryboard.storyboard */ = {isa = PBXFileReference; lastKnownFileType = file.storyboard; path = SearchStoryboard.storyboard; sourceTree = "<group>"; };
		5541DD6C26AD5CDA00970794 /* SearchViewController.swift */ = {isa = PBXFileReference; lastKnownFileType = sourcecode.swift; path = SearchViewController.swift; sourceTree = "<group>"; };
		5541DD7026AE955100970794 /* VinylBoxViewController.swift */ = {isa = PBXFileReference; lastKnownFileType = sourcecode.swift; path = VinylBoxViewController.swift; sourceTree = "<group>"; };
		5541DD7426AE955B00970794 /* VinylBoxStoryboard.storyboard */ = {isa = PBXFileReference; lastKnownFileType = file.storyboard; path = VinylBoxStoryboard.storyboard; sourceTree = "<group>"; };
		5541DD7726AF0DFF00970794 /* SignUpModel.swift */ = {isa = PBXFileReference; lastKnownFileType = sourcecode.swift; path = SignUpModel.swift; sourceTree = "<group>"; };
		5541DD7B26AF113700970794 /* TextFieldPadding.swift */ = {isa = PBXFileReference; lastKnownFileType = sourcecode.swift; path = TextFieldPadding.swift; sourceTree = "<group>"; };
		5544D57526B13E4E003659C6 /* SignUpViewModel.swift */ = {isa = PBXFileReference; lastKnownFileType = sourcecode.swift; path = SignUpViewModel.swift; sourceTree = "<group>"; };
		5544D57926B14538003659C6 /* DIContainer.swift */ = {isa = PBXFileReference; lastKnownFileType = sourcecode.swift; path = DIContainer.swift; sourceTree = "<group>"; };
		5544D58526B14B49003659C6 /* VinylaTests.xctest */ = {isa = PBXFileReference; explicitFileType = wrapper.cfbundle; includeInIndex = 0; path = VinylaTests.xctest; sourceTree = BUILT_PRODUCTS_DIR; };
		5544D58726B14B49003659C6 /* VinylaTests.swift */ = {isa = PBXFileReference; lastKnownFileType = sourcecode.swift; path = VinylaTests.swift; sourceTree = "<group>"; };
		5544D58926B14B49003659C6 /* Info.plist */ = {isa = PBXFileReference; lastKnownFileType = text.plist.xml; path = Info.plist; sourceTree = "<group>"; };
/* End PBXFileReference section */

/* Begin PBXFrameworksBuildPhase section */
		5541DD33268838FB00970794 /* Frameworks */ = {
			isa = PBXFrameworksBuildPhase;
			buildActionMask = 2147483647;
			files = (
			);
			runOnlyForDeploymentPostprocessing = 0;
		};
		5544D58226B14B49003659C6 /* Frameworks */ = {
			isa = PBXFrameworksBuildPhase;
			buildActionMask = 2147483647;
			files = (
			);
			runOnlyForDeploymentPostprocessing = 0;
		};
/* End PBXFrameworksBuildPhase section */

/* Begin PBXGroup section */
		5541DD2D268838FB00970794 = {
			isa = PBXGroup;
			children = (
				5541DD38268838FB00970794 /* Vinyla */,
				5544D58626B14B49003659C6 /* VinylaTests */,
				5541DD37268838FB00970794 /* Products */,
			);
			sourceTree = "<group>";
		};
		5541DD37268838FB00970794 /* Products */ = {
			isa = PBXGroup;
			children = (
				5541DD36268838FB00970794 /* Vinyla.app */,
				5544D58526B14B49003659C6 /* VinylaTests.xctest */,
			);
			name = Products;
			sourceTree = "<group>";
		};
		5541DD38268838FB00970794 /* Vinyla */ = {
			isa = PBXGroup;
			children = (
				5544D57826B144D2003659C6 /* DIContainer */,
				5541DD7A26AF110F00970794 /* UIExtension */,
				5541DD562688437C00970794 /* Models */,
				5541DD572688438100970794 /* Modules */,
				5541DD39268838FB00970794 /* AppDelegate.swift */,
				5541DD3B268838FB00970794 /* SceneDelegate.swift */,
				5541DD3D268838FB00970794 /* ViewController.swift */,
				5541DD3F268838FB00970794 /* Main.storyboard */,
				5541DD422688390800970794 /* Assets.xcassets */,
				5541DD442688390800970794 /* LaunchScreen.storyboard */,
				5541DD472688390800970794 /* Info.plist */,
			);
			path = Vinyla;
			sourceTree = "<group>";
		};
		5541DD562688437C00970794 /* Models */ = {
			isa = PBXGroup;
			children = (
				5541DD7726AF0DFF00970794 /* SignUpModel.swift */,
			);
			path = Models;
			sourceTree = "<group>";
		};
		5541DD572688438100970794 /* Modules */ = {
			isa = PBXGroup;
			children = (
				5541DD6F26AE954000970794 /* VinylBox */,
				5541DD6826AD5C7E00970794 /* Search */,
				5541DD60269AD4D500970794 /* Home */,
				5541DD59269AD34200970794 /* SignUp */,
				5541DD582688439800970794 /* LogIn */,
			);
			path = Modules;
			sourceTree = "<group>";
		};
		5541DD582688439800970794 /* LogIn */ = {
			isa = PBXGroup;
			children = (
				5541DD5226883AF500970794 /* LogInViewController.swift */,
				5541DD4F26883A6800970794 /* LogInViewStoryBoard.storyboard */,
			);
			path = LogIn;
			sourceTree = "<group>";
		};
		5541DD59269AD34200970794 /* SignUp */ = {
			isa = PBXGroup;
			children = (
				5541DD5A269AD35F00970794 /* SignUp.storyboard */,
				5541DD5D269AD36800970794 /* SignUpViewController.swift */,
				5544D57526B13E4E003659C6 /* SignUpViewModel.swift */,
			);
			path = SignUp;
			sourceTree = "<group>";
		};
		5541DD60269AD4D500970794 /* Home */ = {
			isa = PBXGroup;
			children = (
				5541DD61269AD4E800970794 /* HomeViewController.swift */,
				5541DD65269AD4F000970794 /* HomeStoryboard.storyboard */,
			);
			path = Home;
			sourceTree = "<group>";
		};
		5541DD6826AD5C7E00970794 /* Search */ = {
			isa = PBXGroup;
			children = (
				5541DD6926AD5C9100970794 /* SearchStoryboard.storyboard */,
				5541DD6C26AD5CDA00970794 /* SearchViewController.swift */,
			);
			path = Search;
			sourceTree = "<group>";
		};
		5541DD6F26AE954000970794 /* VinylBox */ = {
			isa = PBXGroup;
			children = (
				5541DD7026AE955100970794 /* VinylBoxViewController.swift */,
				5541DD7426AE955B00970794 /* VinylBoxStoryboard.storyboard */,
			);
			path = VinylBox;
			sourceTree = "<group>";
		};
		5541DD7A26AF110F00970794 /* UIExtension */ = {
			isa = PBXGroup;
			children = (
				5541DD7B26AF113700970794 /* TextFieldPadding.swift */,
			);
			path = UIExtension;
			sourceTree = "<group>";
		};
		5544D57826B144D2003659C6 /* DIContainer */ = {
			isa = PBXGroup;
			children = (
				5544D57926B14538003659C6 /* DIContainer.swift */,
			);
			path = DIContainer;
			sourceTree = "<group>";
		};
		5544D58626B14B49003659C6 /* VinylaTests */ = {
			isa = PBXGroup;
			children = (
				5544D58726B14B49003659C6 /* VinylaTests.swift */,
				5544D58926B14B49003659C6 /* Info.plist */,
			);
			path = VinylaTests;
			sourceTree = "<group>";
		};
/* End PBXGroup section */

/* Begin PBXNativeTarget section */
		5541DD35268838FB00970794 /* Vinyla */ = {
			isa = PBXNativeTarget;
			buildConfigurationList = 5541DD4A2688390800970794 /* Build configuration list for PBXNativeTarget "Vinyla" */;
			buildPhases = (
				5541DD32268838FB00970794 /* Sources */,
				5541DD33268838FB00970794 /* Frameworks */,
				5541DD34268838FB00970794 /* Resources */,
			);
			buildRules = (
			);
			dependencies = (
			);
			name = Vinyla;
			productName = Vinyla;
			productReference = 5541DD36268838FB00970794 /* Vinyla.app */;
			productType = "com.apple.product-type.application";
		};
		5544D58426B14B49003659C6 /* VinylaTests */ = {
			isa = PBXNativeTarget;
			buildConfigurationList = 5544D58C26B14B49003659C6 /* Build configuration list for PBXNativeTarget "VinylaTests" */;
			buildPhases = (
				5544D58126B14B49003659C6 /* Sources */,
				5544D58226B14B49003659C6 /* Frameworks */,
				5544D58326B14B49003659C6 /* Resources */,
			);
			buildRules = (
			);
			dependencies = (
				5544D58B26B14B49003659C6 /* PBXTargetDependency */,
			);
			name = VinylaTests;
			productName = VinylaTests;
			productReference = 5544D58526B14B49003659C6 /* VinylaTests.xctest */;
			productType = "com.apple.product-type.bundle.unit-test";
		};
/* End PBXNativeTarget section */

/* Begin PBXProject section */
		5541DD2E268838FB00970794 /* Project object */ = {
			isa = PBXProject;
			attributes = {
				LastSwiftUpdateCheck = 1240;
				LastUpgradeCheck = 1240;
				TargetAttributes = {
					5541DD35268838FB00970794 = {
						CreatedOnToolsVersion = 12.4;
					};
					5544D58426B14B49003659C6 = {
						CreatedOnToolsVersion = 12.4;
						TestTargetID = 5541DD35268838FB00970794;
					};
				};
			};
			buildConfigurationList = 5541DD31268838FB00970794 /* Build configuration list for PBXProject "Vinyla" */;
			compatibilityVersion = "Xcode 9.3";
			developmentRegion = en;
			hasScannedForEncodings = 0;
			knownRegions = (
				en,
				Base,
			);
			mainGroup = 5541DD2D268838FB00970794;
			productRefGroup = 5541DD37268838FB00970794 /* Products */;
			projectDirPath = "";
			projectRoot = "";
			targets = (
				5541DD35268838FB00970794 /* Vinyla */,
				5544D58426B14B49003659C6 /* VinylaTests */,
			);
		};
/* End PBXProject section */

/* Begin PBXResourcesBuildPhase section */
		5541DD34268838FB00970794 /* Resources */ = {
			isa = PBXResourcesBuildPhase;
			buildActionMask = 2147483647;
			files = (
				5541DD7526AE955B00970794 /* VinylBoxStoryboard.storyboard in Resources */,
				5541DD6A26AD5C9100970794 /* SearchStoryboard.storyboard in Resources */,
				5541DD462688390800970794 /* LaunchScreen.storyboard in Resources */,
				5541DD432688390800970794 /* Assets.xcassets in Resources */,
				5541DD66269AD4F000970794 /* HomeStoryboard.storyboard in Resources */,
				5541DD5026883A6800970794 /* LogInViewStoryBoard.storyboard in Resources */,
				5541DD41268838FB00970794 /* Main.storyboard in Resources */,
				5541DD5B269AD35F00970794 /* SignUp.storyboard in Resources */,
			);
			runOnlyForDeploymentPostprocessing = 0;
		};
		5544D58326B14B49003659C6 /* Resources */ = {
			isa = PBXResourcesBuildPhase;
			buildActionMask = 2147483647;
			files = (
			);
			runOnlyForDeploymentPostprocessing = 0;
		};
/* End PBXResourcesBuildPhase section */

/* Begin PBXSourcesBuildPhase section */
		5541DD32268838FB00970794 /* Sources */ = {
			isa = PBXSourcesBuildPhase;
			buildActionMask = 2147483647;
			files = (
				5541DD5326883AF500970794 /* LogInViewController.swift in Sources */,
				5541DD7126AE955100970794 /* VinylBoxViewController.swift in Sources */,
				5541DD6D26AD5CDA00970794 /* SearchViewController.swift in Sources */,
				5541DD7826AF0DFF00970794 /* SignUpModel.swift in Sources */,
				5544D57A26B14538003659C6 /* DIContainer.swift in Sources */,
				5541DD3E268838FB00970794 /* ViewController.swift in Sources */,
				5541DD3A268838FB00970794 /* AppDelegate.swift in Sources */,
				5541DD3C268838FB00970794 /* SceneDelegate.swift in Sources */,
				5541DD5E269AD36800970794 /* SignUpViewController.swift in Sources */,
				5541DD62269AD4E800970794 /* HomeViewController.swift in Sources */,
				5544D57626B13E4E003659C6 /* SignUpViewModel.swift in Sources */,
				5541DD7C26AF113700970794 /* TextFieldPadding.swift in Sources */,
			);
			runOnlyForDeploymentPostprocessing = 0;
		};
		5544D58126B14B49003659C6 /* Sources */ = {
			isa = PBXSourcesBuildPhase;
			buildActionMask = 2147483647;
			files = (
				5544D58826B14B49003659C6 /* VinylaTests.swift in Sources */,
			);
			runOnlyForDeploymentPostprocessing = 0;
		};
/* End PBXSourcesBuildPhase section */

/* Begin PBXTargetDependency section */
		5544D58B26B14B49003659C6 /* PBXTargetDependency */ = {
			isa = PBXTargetDependency;
			target = 5541DD35268838FB00970794 /* Vinyla */;
			targetProxy = 5544D58A26B14B49003659C6 /* PBXContainerItemProxy */;
		};
/* End PBXTargetDependency section */

/* Begin PBXVariantGroup section */
		5541DD3F268838FB00970794 /* Main.storyboard */ = {
			isa = PBXVariantGroup;
			children = (
				5541DD40268838FB00970794 /* Base */,
			);
			name = Main.storyboard;
			sourceTree = "<group>";
		};
		5541DD442688390800970794 /* LaunchScreen.storyboard */ = {
			isa = PBXVariantGroup;
			children = (
				5541DD452688390800970794 /* Base */,
			);
			name = LaunchScreen.storyboard;
			sourceTree = "<group>";
		};
/* End PBXVariantGroup section */

/* Begin XCBuildConfiguration section */
		5541DD482688390800970794 /* Debug */ = {
			isa = XCBuildConfiguration;
			buildSettings = {
				ALWAYS_SEARCH_USER_PATHS = NO;
				CLANG_ANALYZER_NONNULL = YES;
				CLANG_ANALYZER_NUMBER_OBJECT_CONVERSION = YES_AGGRESSIVE;
				CLANG_CXX_LANGUAGE_STANDARD = "gnu++14";
				CLANG_CXX_LIBRARY = "libc++";
				CLANG_ENABLE_MODULES = YES;
				CLANG_ENABLE_OBJC_ARC = YES;
				CLANG_ENABLE_OBJC_WEAK = YES;
				CLANG_WARN_BLOCK_CAPTURE_AUTORELEASING = YES;
				CLANG_WARN_BOOL_CONVERSION = YES;
				CLANG_WARN_COMMA = YES;
				CLANG_WARN_CONSTANT_CONVERSION = YES;
				CLANG_WARN_DEPRECATED_OBJC_IMPLEMENTATIONS = YES;
				CLANG_WARN_DIRECT_OBJC_ISA_USAGE = YES_ERROR;
				CLANG_WARN_DOCUMENTATION_COMMENTS = YES;
				CLANG_WARN_EMPTY_BODY = YES;
				CLANG_WARN_ENUM_CONVERSION = YES;
				CLANG_WARN_INFINITE_RECURSION = YES;
				CLANG_WARN_INT_CONVERSION = YES;
				CLANG_WARN_NON_LITERAL_NULL_CONVERSION = YES;
				CLANG_WARN_OBJC_IMPLICIT_RETAIN_SELF = YES;
				CLANG_WARN_OBJC_LITERAL_CONVERSION = YES;
				CLANG_WARN_OBJC_ROOT_CLASS = YES_ERROR;
				CLANG_WARN_QUOTED_INCLUDE_IN_FRAMEWORK_HEADER = YES;
				CLANG_WARN_RANGE_LOOP_ANALYSIS = YES;
				CLANG_WARN_STRICT_PROTOTYPES = YES;
				CLANG_WARN_SUSPICIOUS_MOVE = YES;
				CLANG_WARN_UNGUARDED_AVAILABILITY = YES_AGGRESSIVE;
				CLANG_WARN_UNREACHABLE_CODE = YES;
				CLANG_WARN__DUPLICATE_METHOD_MATCH = YES;
				COPY_PHASE_STRIP = NO;
				DEBUG_INFORMATION_FORMAT = dwarf;
				ENABLE_STRICT_OBJC_MSGSEND = YES;
				ENABLE_TESTABILITY = YES;
				GCC_C_LANGUAGE_STANDARD = gnu11;
				GCC_DYNAMIC_NO_PIC = NO;
				GCC_NO_COMMON_BLOCKS = YES;
				GCC_OPTIMIZATION_LEVEL = 0;
				GCC_PREPROCESSOR_DEFINITIONS = (
					"DEBUG=1",
					"$(inherited)",
				);
				GCC_WARN_64_TO_32_BIT_CONVERSION = YES;
				GCC_WARN_ABOUT_RETURN_TYPE = YES_ERROR;
				GCC_WARN_UNDECLARED_SELECTOR = YES;
				GCC_WARN_UNINITIALIZED_AUTOS = YES_AGGRESSIVE;
				GCC_WARN_UNUSED_FUNCTION = YES;
				GCC_WARN_UNUSED_VARIABLE = YES;
				IPHONEOS_DEPLOYMENT_TARGET = 14.4;
				MTL_ENABLE_DEBUG_INFO = INCLUDE_SOURCE;
				MTL_FAST_MATH = YES;
				ONLY_ACTIVE_ARCH = YES;
				SDKROOT = iphoneos;
				SWIFT_ACTIVE_COMPILATION_CONDITIONS = DEBUG;
				SWIFT_OPTIMIZATION_LEVEL = "-Onone";
			};
			name = Debug;
		};
		5541DD492688390800970794 /* Release */ = {
			isa = XCBuildConfiguration;
			buildSettings = {
				ALWAYS_SEARCH_USER_PATHS = NO;
				CLANG_ANALYZER_NONNULL = YES;
				CLANG_ANALYZER_NUMBER_OBJECT_CONVERSION = YES_AGGRESSIVE;
				CLANG_CXX_LANGUAGE_STANDARD = "gnu++14";
				CLANG_CXX_LIBRARY = "libc++";
				CLANG_ENABLE_MODULES = YES;
				CLANG_ENABLE_OBJC_ARC = YES;
				CLANG_ENABLE_OBJC_WEAK = YES;
				CLANG_WARN_BLOCK_CAPTURE_AUTORELEASING = YES;
				CLANG_WARN_BOOL_CONVERSION = YES;
				CLANG_WARN_COMMA = YES;
				CLANG_WARN_CONSTANT_CONVERSION = YES;
				CLANG_WARN_DEPRECATED_OBJC_IMPLEMENTATIONS = YES;
				CLANG_WARN_DIRECT_OBJC_ISA_USAGE = YES_ERROR;
				CLANG_WARN_DOCUMENTATION_COMMENTS = YES;
				CLANG_WARN_EMPTY_BODY = YES;
				CLANG_WARN_ENUM_CONVERSION = YES;
				CLANG_WARN_INFINITE_RECURSION = YES;
				CLANG_WARN_INT_CONVERSION = YES;
				CLANG_WARN_NON_LITERAL_NULL_CONVERSION = YES;
				CLANG_WARN_OBJC_IMPLICIT_RETAIN_SELF = YES;
				CLANG_WARN_OBJC_LITERAL_CONVERSION = YES;
				CLANG_WARN_OBJC_ROOT_CLASS = YES_ERROR;
				CLANG_WARN_QUOTED_INCLUDE_IN_FRAMEWORK_HEADER = YES;
				CLANG_WARN_RANGE_LOOP_ANALYSIS = YES;
				CLANG_WARN_STRICT_PROTOTYPES = YES;
				CLANG_WARN_SUSPICIOUS_MOVE = YES;
				CLANG_WARN_UNGUARDED_AVAILABILITY = YES_AGGRESSIVE;
				CLANG_WARN_UNREACHABLE_CODE = YES;
				CLANG_WARN__DUPLICATE_METHOD_MATCH = YES;
				COPY_PHASE_STRIP = NO;
				DEBUG_INFORMATION_FORMAT = "dwarf-with-dsym";
				ENABLE_NS_ASSERTIONS = NO;
				ENABLE_STRICT_OBJC_MSGSEND = YES;
				GCC_C_LANGUAGE_STANDARD = gnu11;
				GCC_NO_COMMON_BLOCKS = YES;
				GCC_WARN_64_TO_32_BIT_CONVERSION = YES;
				GCC_WARN_ABOUT_RETURN_TYPE = YES_ERROR;
				GCC_WARN_UNDECLARED_SELECTOR = YES;
				GCC_WARN_UNINITIALIZED_AUTOS = YES_AGGRESSIVE;
				GCC_WARN_UNUSED_FUNCTION = YES;
				GCC_WARN_UNUSED_VARIABLE = YES;
				IPHONEOS_DEPLOYMENT_TARGET = 14.4;
				MTL_ENABLE_DEBUG_INFO = NO;
				MTL_FAST_MATH = YES;
				SDKROOT = iphoneos;
				SWIFT_COMPILATION_MODE = wholemodule;
				SWIFT_OPTIMIZATION_LEVEL = "-O";
				VALIDATE_PRODUCT = YES;
			};
			name = Release;
		};
		5541DD4B2688390800970794 /* Debug */ = {
			isa = XCBuildConfiguration;
			buildSettings = {
				ASSETCATALOG_COMPILER_APPICON_NAME = AppIcon;
				ASSETCATALOG_COMPILER_GLOBAL_ACCENT_COLOR_NAME = AccentColor;
				CODE_SIGN_STYLE = Automatic;
				DEVELOPMENT_TEAM = PMD54H53GA;
				INFOPLIST_FILE = Vinyla/Info.plist;
				IPHONEOS_DEPLOYMENT_TARGET = 13.0;
				LD_RUNPATH_SEARCH_PATHS = (
					"$(inherited)",
					"@executable_path/Frameworks",
				);
				PRODUCT_BUNDLE_IDENTIFIER = gamsung.Vinyla;
				PRODUCT_NAME = "$(TARGET_NAME)";
				SWIFT_VERSION = 5.0;
				TARGETED_DEVICE_FAMILY = "1,2";
			};
			name = Debug;
		};
		5541DD4C2688390800970794 /* Release */ = {
			isa = XCBuildConfiguration;
			buildSettings = {
				ASSETCATALOG_COMPILER_APPICON_NAME = AppIcon;
				ASSETCATALOG_COMPILER_GLOBAL_ACCENT_COLOR_NAME = AccentColor;
				CODE_SIGN_STYLE = Automatic;
				DEVELOPMENT_TEAM = PMD54H53GA;
				INFOPLIST_FILE = Vinyla/Info.plist;
				IPHONEOS_DEPLOYMENT_TARGET = 13.0;
				LD_RUNPATH_SEARCH_PATHS = (
					"$(inherited)",
					"@executable_path/Frameworks",
				);
				PRODUCT_BUNDLE_IDENTIFIER = gamsung.Vinyla;
				PRODUCT_NAME = "$(TARGET_NAME)";
				SWIFT_VERSION = 5.0;
				TARGETED_DEVICE_FAMILY = "1,2";
			};
			name = Release;
		};
		5544D58D26B14B49003659C6 /* Debug */ = {
			isa = XCBuildConfiguration;
			buildSettings = {
				BUNDLE_LOADER = "$(TEST_HOST)";
				CODE_SIGN_STYLE = Automatic;
				DEVELOPMENT_TEAM = PMD54H53GA;
				INFOPLIST_FILE = VinylaTests/Info.plist;
				LD_RUNPATH_SEARCH_PATHS = (
					"$(inherited)",
					"@executable_path/Frameworks",
					"@loader_path/Frameworks",
				);
				PRODUCT_BUNDLE_IDENTIFIER = gamsung.VinylaTests;
				PRODUCT_NAME = "$(TARGET_NAME)";
				SWIFT_VERSION = 5.0;
				TARGETED_DEVICE_FAMILY = "1,2";
				TEST_HOST = "$(BUILT_PRODUCTS_DIR)/Vinyla.app/Vinyla";
			};
			name = Debug;
		};
		5544D58E26B14B49003659C6 /* Release */ = {
			isa = XCBuildConfiguration;
			buildSettings = {
				BUNDLE_LOADER = "$(TEST_HOST)";
				CODE_SIGN_STYLE = Automatic;
				DEVELOPMENT_TEAM = PMD54H53GA;
				INFOPLIST_FILE = VinylaTests/Info.plist;
				LD_RUNPATH_SEARCH_PATHS = (
					"$(inherited)",
					"@executable_path/Frameworks",
					"@loader_path/Frameworks",
				);
				PRODUCT_BUNDLE_IDENTIFIER = gamsung.VinylaTests;
				PRODUCT_NAME = "$(TARGET_NAME)";
				SWIFT_VERSION = 5.0;
				TARGETED_DEVICE_FAMILY = "1,2";
				TEST_HOST = "$(BUILT_PRODUCTS_DIR)/Vinyla.app/Vinyla";
			};
			name = Release;
		};
/* End XCBuildConfiguration section */

/* Begin XCConfigurationList section */
		5541DD31268838FB00970794 /* Build configuration list for PBXProject "Vinyla" */ = {
			isa = XCConfigurationList;
			buildConfigurations = (
				5541DD482688390800970794 /* Debug */,
				5541DD492688390800970794 /* Release */,
			);
			defaultConfigurationIsVisible = 0;
			defaultConfigurationName = Release;
		};
		5541DD4A2688390800970794 /* Build configuration list for PBXNativeTarget "Vinyla" */ = {
			isa = XCConfigurationList;
			buildConfigurations = (
				5541DD4B2688390800970794 /* Debug */,
				5541DD4C2688390800970794 /* Release */,
			);
			defaultConfigurationIsVisible = 0;
			defaultConfigurationName = Release;
		};
		5544D58C26B14B49003659C6 /* Build configuration list for PBXNativeTarget "VinylaTests" */ = {
			isa = XCConfigurationList;
			buildConfigurations = (
				5544D58D26B14B49003659C6 /* Debug */,
				5544D58E26B14B49003659C6 /* Release */,
			);
			defaultConfigurationIsVisible = 0;
			defaultConfigurationName = Release;
		};
/* End XCConfigurationList section */
	};
	rootObject = 5541DD2E268838FB00970794 /* Project object */;
}
